// !$*UTF8*$!
{
	archiveVersion = 1;
	classes = {
	};
	objectVersion = 48;
	objects = {

/* Begin PBXBuildFile section */
		3A1B711E1FB2F4D300674BB4 /* AppDelegate.swift in Sources */ = {isa = PBXBuildFile; fileRef = 3A1B711D1FB2F4D300674BB4 /* AppDelegate.swift */; };
		3A1B71231FB2F4D300674BB4 /* Main.storyboard in Resources */ = {isa = PBXBuildFile; fileRef = 3A1B71211FB2F4D300674BB4 /* Main.storyboard */; };
		3A1B71261FB2F4D300674BB4 /* Stakes.xcdatamodeld in Sources */ = {isa = PBXBuildFile; fileRef = 3A1B71241FB2F4D300674BB4 /* Stakes.xcdatamodeld */; };
		3A1B712B1FB2F4D300674BB4 /* LaunchScreen.storyboard in Resources */ = {isa = PBXBuildFile; fileRef = 3A1B71291FB2F4D300674BB4 /* LaunchScreen.storyboard */; };
		3A1B71411FB2F82200674BB4 /* UIStoryboard+Stakes.swift in Sources */ = {isa = PBXBuildFile; fileRef = 3A1B71401FB2F82200674BB4 /* UIStoryboard+Stakes.swift */; };
		3A1B71461FB2FA7000674BB4 /* Localizable.strings in Resources */ = {isa = PBXBuildFile; fileRef = 3A1B71481FB2FA7000674BB4 /* Localizable.strings */; };
		3A1B71591FB2FC0200674BB4 /* SSLocalizationManager.swift in Sources */ = {isa = PBXBuildFile; fileRef = 3A1B71571FB2FC0200674BB4 /* SSLocalizationManager.swift */; };
		3A1B715A1FB2FC0200674BB4 /* SSMessageManager.swift in Sources */ = {isa = PBXBuildFile; fileRef = 3A1B71581FB2FC0200674BB4 /* SSMessageManager.swift */; };
		3A1B715E1FB2FC8800674BB4 /* UIView+Stakes.swift in Sources */ = {isa = PBXBuildFile; fileRef = 3A1B715D1FB2FC8800674BB4 /* UIView+Stakes.swift */; };
		3A1B71611FB3145C00674BB4 /* SSIntroductionPageViewController.swift in Sources */ = {isa = PBXBuildFile; fileRef = 3A1B71601FB3145C00674BB4 /* SSIntroductionPageViewController.swift */; };
		3A96A564206124D500DA071D /* SSFifthOnboardingViewController.swift in Sources */ = {isa = PBXBuildFile; fileRef = 3A96A563206124D500DA071D /* SSFifthOnboardingViewController.swift */; };
		3A96A566206131EB00DA071D /* SSSixthOnboardingViewController.swift in Sources */ = {isa = PBXBuildFile; fileRef = 3A96A565206131EB00DA071D /* SSSixthOnboardingViewController.swift */; };
		3A96CECD206B950600F1F7CE /* 1.pdf in Resources */ = {isa = PBXBuildFile; fileRef = 3A96CECC206B950600F1F7CE /* 1.pdf */; };
		3A96CECF206B969100F1F7CE /* 4.pdf in Resources */ = {isa = PBXBuildFile; fileRef = 3A96CECE206B969100F1F7CE /* 4.pdf */; };
		3A96CED2206BD4D800F1F7CE /* 3.pdf in Resources */ = {isa = PBXBuildFile; fileRef = 3A96CED0206BD4D700F1F7CE /* 3.pdf */; };
		3A96CED3206BD4D800F1F7CE /* 2.pdf in Resources */ = {isa = PBXBuildFile; fileRef = 3A96CED1206BD4D700F1F7CE /* 2.pdf */; };
		3A96CEDC206BD4F000F1F7CE /* 9.pdf in Resources */ = {isa = PBXBuildFile; fileRef = 3A96CED4206BD4EF00F1F7CE /* 9.pdf */; };
		3A96CEDD206BD4F000F1F7CE /* 12.pdf in Resources */ = {isa = PBXBuildFile; fileRef = 3A96CED5206BD4EF00F1F7CE /* 12.pdf */; };
		3A96CEDE206BD4F000F1F7CE /* 8.pdf in Resources */ = {isa = PBXBuildFile; fileRef = 3A96CED6206BD4EF00F1F7CE /* 8.pdf */; };
		3A96CEDF206BD4F000F1F7CE /* 5.pdf in Resources */ = {isa = PBXBuildFile; fileRef = 3A96CED7206BD4EF00F1F7CE /* 5.pdf */; };
		3A96CEE0206BD4F000F1F7CE /* 7.pdf in Resources */ = {isa = PBXBuildFile; fileRef = 3A96CED8206BD4EF00F1F7CE /* 7.pdf */; };
		3A96CEE1206BD4F000F1F7CE /* 10.pdf in Resources */ = {isa = PBXBuildFile; fileRef = 3A96CED9206BD4EF00F1F7CE /* 10.pdf */; };
		3A96CEE2206BD4F000F1F7CE /* 6.pdf in Resources */ = {isa = PBXBuildFile; fileRef = 3A96CEDA206BD4EF00F1F7CE /* 6.pdf */; };
		3A96CEE3206BD4F000F1F7CE /* 11.pdf in Resources */ = {isa = PBXBuildFile; fileRef = 3A96CEDB206BD4F000F1F7CE /* 11.pdf */; };
		991467421FBB02980025098E /* Assets.xcassets in Resources */ = {isa = PBXBuildFile; fileRef = 3A1B71271FB2F4D300674BB4 /* Assets.xcassets */; };
		99167ACA20406FB4008136F4 /* SSActionPlanTopView.swift in Sources */ = {isa = PBXBuildFile; fileRef = 99167AC920406FB4008136F4 /* SSActionPlanTopView.swift */; };
		991730B0200E308400CE4311 /* SSFeedbackTextView.swift in Sources */ = {isa = PBXBuildFile; fileRef = 991730AF200E308400CE4311 /* SSFeedbackTextView.swift */; };
		992FFBBF203D879A0070AD55 /* SSPoint.swift in Sources */ = {isa = PBXBuildFile; fileRef = 99C1E4E81FC4574C00FE9300 /* SSPoint.swift */; };
		9930C768203EBC8E00F4A517 /* GoalWithImageHomeTableViewCell.swift in Sources */ = {isa = PBXBuildFile; fileRef = 9930C766203EBC8E00F4A517 /* GoalWithImageHomeTableViewCell.swift */; };
		9930C769203EBC8E00F4A517 /* GoalWithImageHomeTableViewCell.xib in Resources */ = {isa = PBXBuildFile; fileRef = 9930C767203EBC8E00F4A517 /* GoalWithImageHomeTableViewCell.xib */; };
		993842211FD9A0DA0025BE6B /* SSGoalsTableView.swift in Sources */ = {isa = PBXBuildFile; fileRef = 993842201FD9A0DA0025BE6B /* SSGoalsTableView.swift */; };
		9939ACEC1FC6CF3100F8CA52 /* SSPointsView.swift in Sources */ = {isa = PBXBuildFile; fileRef = 9939ACEB1FC6CF3100F8CA52 /* SSPointsView.swift */; };
		993E43C620500E8300DE31A2 /* SSFeedbackAlertView.swift in Sources */ = {isa = PBXBuildFile; fileRef = 993E43C520500E8300DE31A2 /* SSFeedbackAlertView.swift */; };
		993E43C820500F3D00DE31A2 /* SSFeedbackAlertView.xib in Resources */ = {isa = PBXBuildFile; fileRef = 993E43C720500F3D00DE31A2 /* SSFeedbackAlertView.xib */; };
		993E43CA2050138400DE31A2 /* FeedbackHepler.swift in Sources */ = {isa = PBXBuildFile; fileRef = 993E43C92050138400DE31A2 /* FeedbackHepler.swift */; };
		993E43CC205022BB00DE31A2 /* SSFeedbackView.swift in Sources */ = {isa = PBXBuildFile; fileRef = 993E43CB205022BB00DE31A2 /* SSFeedbackView.swift */; };
		993E43CE205022D000DE31A2 /* SSFeedbackView.xib in Resources */ = {isa = PBXBuildFile; fileRef = 993E43CD205022D000DE31A2 /* SSFeedbackView.xib */; };
		994AABF4204405CE00DFFE6D /* Goal+CoreDataProperties.swift in Sources */ = {isa = PBXBuildFile; fileRef = 994AABF2204405CE00DFFE6D /* Goal+CoreDataProperties.swift */; };
		9959AE621FBF201600CDBF50 /* Goal+CoreDataClass.swift in Sources */ = {isa = PBXBuildFile; fileRef = 9959AE5E1FBF201600CDBF50 /* Goal+CoreDataClass.swift */; };
		9959AE641FBF201600CDBF50 /* Action+CoreDataClass.swift in Sources */ = {isa = PBXBuildFile; fileRef = 9959AE601FBF201600CDBF50 /* Action+CoreDataClass.swift */; };
		996675D420061E2B003CB7F3 /* Action+CoreDataProperties.swift in Sources */ = {isa = PBXBuildFile; fileRef = 996675D220061E2B003CB7F3 /* Action+CoreDataProperties.swift */; };
		996675D72006208A003CB7F3 /* SSPurchaseAlertView.swift in Sources */ = {isa = PBXBuildFile; fileRef = 996675D62006208A003CB7F3 /* SSPurchaseAlertView.swift */; };
		996675D920062097003CB7F3 /* SSPurchaseAlertView.xib in Resources */ = {isa = PBXBuildFile; fileRef = 996675D820062097003CB7F3 /* SSPurchaseAlertView.xib */; };
		996675DB200631ED003CB7F3 /* SSPurchaseManager.swift in Sources */ = {isa = PBXBuildFile; fileRef = 996675DA200631ED003CB7F3 /* SSPurchaseManager.swift */; };
		996675DF20064DCC003CB7F3 /* SSCustomActivity.swift in Sources */ = {isa = PBXBuildFile; fileRef = 996675DE20064DCC003CB7F3 /* SSCustomActivity.swift */; };
		996675E320077107003CB7F3 /* SSInstagramShareManager.swift in Sources */ = {isa = PBXBuildFile; fileRef = 996675E220077107003CB7F3 /* SSInstagramShareManager.swift */; };
		9970C2FE2059572E00D16078 /* SSLevel.swift in Sources */ = {isa = PBXBuildFile; fileRef = 9970C2FD2059572E00D16078 /* SSLevel.swift */; };
		9970C3002059614200D16078 /* SSLevelsManager.swift in Sources */ = {isa = PBXBuildFile; fileRef = 9970C2FF2059614200D16078 /* SSLevelsManager.swift */; };
		9970C302205A908700D16078 /* TableViewControl.swift in Sources */ = {isa = PBXBuildFile; fileRef = 9970C301205A908700D16078 /* TableViewControl.swift */; };
		9970C306205A90EF00D16078 /* SSLevelsTableViewCell.swift in Sources */ = {isa = PBXBuildFile; fileRef = 9970C304205A90EF00D16078 /* SSLevelsTableViewCell.swift */; };
		9970C307205A90EF00D16078 /* SSLevelsTableViewCell.xib in Resources */ = {isa = PBXBuildFile; fileRef = 9970C305205A90EF00D16078 /* SSLevelsTableViewCell.xib */; };
		9970C309205AAE1E00D16078 /* BRCircularProgressView.swift in Sources */ = {isa = PBXBuildFile; fileRef = 9970C308205AAE1E00D16078 /* BRCircularProgressView.swift */; };
		997BC1B91FE004FB00FBC6A2 /* SSCustomAlertViewController.swift in Sources */ = {isa = PBXBuildFile; fileRef = 997BC1B81FE004FB00FBC6A2 /* SSCustomAlertViewController.swift */; };
		997BC1C11FE035A300FBC6A2 /* SSComlpeteActionAlertView.swift in Sources */ = {isa = PBXBuildFile; fileRef = 997BC1C01FE035A300FBC6A2 /* SSComlpeteActionAlertView.swift */; };
		997BC1C31FE035B000FBC6A2 /* SSComlpeteActionAlertView.xib in Resources */ = {isa = PBXBuildFile; fileRef = 997BC1C21FE035B000FBC6A2 /* SSComlpeteActionAlertView.xib */; };
		997CE6F61FFE238800DE3BEA /* SSNameTextView.swift in Sources */ = {isa = PBXBuildFile; fileRef = 997CE6F51FFE238800DE3BEA /* SSNameTextView.swift */; };
		99841DB71FB5D1AA009FEA75 /* SSHomeViewController.swift in Sources */ = {isa = PBXBuildFile; fileRef = 99841DB61FB5D1AA009FEA75 /* SSHomeViewController.swift */; };
		99841DBA1FB5D207009FEA75 /* SSActionPlanViewController.swift in Sources */ = {isa = PBXBuildFile; fileRef = 99841DB91FB5D207009FEA75 /* SSActionPlanViewController.swift */; };
		99841DBE1FB5D28A009FEA75 /* SSCreateActionViewController.swift in Sources */ = {isa = PBXBuildFile; fileRef = 99841DBD1FB5D28A009FEA75 /* SSCreateActionViewController.swift */; };
		99841DC11FB5D355009FEA75 /* SSMenuViewController.swift in Sources */ = {isa = PBXBuildFile; fileRef = 99841DC01FB5D355009FEA75 /* SSMenuViewController.swift */; };
		99841DC51FB5D3EA009FEA75 /* SSSettingsViewController.swift in Sources */ = {isa = PBXBuildFile; fileRef = 99841DC41FB5D3EA009FEA75 /* SSSettingsViewController.swift */; };
		99841DC71FB5D421009FEA75 /* SSFeedbackViewController.swift in Sources */ = {isa = PBXBuildFile; fileRef = 99841DC61FB5D421009FEA75 /* SSFeedbackViewController.swift */; };
		99841DCB1FB5E72E009FEA75 /* UIViewController + Reuse ID.swift in Sources */ = {isa = PBXBuildFile; fileRef = 99841DCA1FB5E72E009FEA75 /* UIViewController + Reuse ID.swift */; };
		9984A1161FC58F0100696EEC /* SSSelectCircleButton.swift in Sources */ = {isa = PBXBuildFile; fileRef = 9984A1151FC58F0100696EEC /* SSSelectCircleButton.swift */; };
		9984A1181FC5A87200696EEC /* SSBaseButton.swift in Sources */ = {isa = PBXBuildFile; fileRef = 9984A1171FC5A87200696EEC /* SSBaseButton.swift */; };
		9984A11A1FC5C54500696EEC /* SSMainNavigationController.swift in Sources */ = {isa = PBXBuildFile; fileRef = 9984A1191FC5C54500696EEC /* SSMainNavigationController.swift */; };
		998694721FE125F90098F6A9 /* SSBaseCustomAlertView.swift in Sources */ = {isa = PBXBuildFile; fileRef = 998694711FE125F90098F6A9 /* SSBaseCustomAlertView.swift */; };
		998694751FE12BD30098F6A9 /* SSActionAlertView.swift in Sources */ = {isa = PBXBuildFile; fileRef = 998694741FE12BD30098F6A9 /* SSActionAlertView.swift */; };
		998694771FE12BDB0098F6A9 /* SSActionAlertView.xib in Resources */ = {isa = PBXBuildFile; fileRef = 998694761FE12BDB0098F6A9 /* SSActionAlertView.xib */; };
		9986947A1FE13FF10098F6A9 /* SSShareGoalAlertView.xib in Resources */ = {isa = PBXBuildFile; fileRef = 998694791FE13FF10098F6A9 /* SSShareGoalAlertView.xib */; };
		9986947C1FE140030098F6A9 /* SSShareGoalAlertView.swift in Sources */ = {isa = PBXBuildFile; fileRef = 9986947B1FE140030098F6A9 /* SSShareGoalAlertView.swift */; };
		998988021FE176AC00FEAD60 /* TGPDiscreteSlider.swift in Sources */ = {isa = PBXBuildFile; fileRef = 998988011FE176AC00FEAD60 /* TGPDiscreteSlider.swift */; };
		998988041FE177D500FEAD60 /* TGPControlsTicksProtocol.swift in Sources */ = {isa = PBXBuildFile; fileRef = 998988031FE177D500FEAD60 /* TGPControlsTicksProtocol.swift */; };
		998988071FE190E700FEAD60 /* SSMainCustomAlertView.swift in Sources */ = {isa = PBXBuildFile; fileRef = 998988061FE190E700FEAD60 /* SSMainCustomAlertView.swift */; };
		998988091FE1911F00FEAD60 /* SSMainCustomAlertView.xib in Resources */ = {isa = PBXBuildFile; fileRef = 998988081FE1911F00FEAD60 /* SSMainCustomAlertView.xib */; };
		998A71F01FBD839E00051B97 /* SSConstants.swift in Sources */ = {isa = PBXBuildFile; fileRef = 998A71EF1FBD839E00051B97 /* SSConstants.swift */; };
		998A71F21FBD88A900051B97 /* SSBaseTextField.swift in Sources */ = {isa = PBXBuildFile; fileRef = 998A71F11FBD88A900051B97 /* SSBaseTextField.swift */; };
		998A71FA1FBDC13B00051B97 /* SSCoreDataManager.swift in Sources */ = {isa = PBXBuildFile; fileRef = 998A71F91FBDC13B00051B97 /* SSCoreDataManager.swift */; };
		998FBCF01FBAE9530026305A /* Home.storyboard in Resources */ = {isa = PBXBuildFile; fileRef = 998FBCF21FBAE9530026305A /* Home.storyboard */; };
		998FBCF31FBAE9730026305A /* Menu.storyboard in Resources */ = {isa = PBXBuildFile; fileRef = 998FBCF51FBAE9730026305A /* Menu.storyboard */; };
		998FBCF71FBAF8DF0026305A /* SSTimeLinePointView.swift in Sources */ = {isa = PBXBuildFile; fileRef = 998FBCF61FBAF8DF0026305A /* SSTimeLinePointView.swift */; };
		99944CDF1FC80628009AF0E5 /* SSCreateGoalViewController.swift in Sources */ = {isa = PBXBuildFile; fileRef = 99944CDE1FC80628009AF0E5 /* SSCreateGoalViewController.swift */; };
		99944CE11FC808F7009AF0E5 /* SSCreateGoalView.xib in Resources */ = {isa = PBXBuildFile; fileRef = 99944CE01FC808F7009AF0E5 /* SSCreateGoalView.xib */; };
		99944CE31FC80BC9009AF0E5 /* SSCreateGoalView.swift in Sources */ = {isa = PBXBuildFile; fileRef = 99944CE21FC80BC9009AF0E5 /* SSCreateGoalView.swift */; };
		99944CE91FC80ED5009AF0E5 /* SSCircleView.swift in Sources */ = {isa = PBXBuildFile; fileRef = 99944CE71FC80ED5009AF0E5 /* SSCircleView.swift */; };
		99944CEA1FC80ED5009AF0E5 /* SSCircleViewCoordinates.swift in Sources */ = {isa = PBXBuildFile; fileRef = 99944CE81FC80ED5009AF0E5 /* SSCircleViewCoordinates.swift */; };
		99944CEC1FC80FDA009AF0E5 /* SSBaseDetailViewController.swift in Sources */ = {isa = PBXBuildFile; fileRef = 99944CEB1FC80FDA009AF0E5 /* SSBaseDetailViewController.swift */; };
		99944CEE1FC814D4009AF0E5 /* SSCenterActionButton.swift in Sources */ = {isa = PBXBuildFile; fileRef = 99944CED1FC814D4009AF0E5 /* SSCenterActionButton.swift */; };
		99957F1A1FEADEB000F9291E /* SSNotificationDelegate.swift in Sources */ = {isa = PBXBuildFile; fileRef = 99957F191FEADEB000F9291E /* SSNotificationDelegate.swift */; };
		999687141FD696D300EF52CE /* Big_Caslon-Medium.ttf in Resources */ = {isa = PBXBuildFile; fileRef = 999687131FD696D200EF52CE /* Big_Caslon-Medium.ttf */; };
		999A25681FCD538400F9E148 /* SSActionPlanTableViewCell.swift in Sources */ = {isa = PBXBuildFile; fileRef = 999A25661FCD538400F9E148 /* SSActionPlanTableViewCell.swift */; };
		999A25691FCD538400F9E148 /* SSActionPlanTableViewCell.xib in Resources */ = {isa = PBXBuildFile; fileRef = 999A25671FCD538400F9E148 /* SSActionPlanTableViewCell.xib */; };
		999A256B1FCD548500F9E148 /* SSBaseTableViewCell.swift in Sources */ = {isa = PBXBuildFile; fileRef = 999A256A1FCD548500F9E148 /* SSBaseTableViewCell.swift */; };
		999A256F1FCD6EEB00F9E148 /* Float+StakeString.swift in Sources */ = {isa = PBXBuildFile; fileRef = 999A256E1FCD6EEB00F9E148 /* Float+StakeString.swift */; };
		99B5DAF91FDAA69800ED6155 /* SSUnderlineView.swift in Sources */ = {isa = PBXBuildFile; fileRef = 99B5DAF81FDAA69800ED6155 /* SSUnderlineView.swift */; };
		99BCC9051FE3E0300087D87B /* SSCalendarSyncManager.swift in Sources */ = {isa = PBXBuildFile; fileRef = 99BCC9041FE3E0300087D87B /* SSCalendarSyncManager.swift */; };
		99C1E4DC1FC42FDB00FE9300 /* SSCurrentDateLabel.swift in Sources */ = {isa = PBXBuildFile; fileRef = 99C1E4DB1FC42FDB00FE9300 /* SSCurrentDateLabel.swift */; };
		99C1E4DF1FC4360F00FE9300 /* SSHomeTableViewCell.swift in Sources */ = {isa = PBXBuildFile; fileRef = 99C1E4DD1FC4360F00FE9300 /* SSHomeTableViewCell.swift */; };
		99C1E4E01FC4360F00FE9300 /* SSHomeTableViewCell.xib in Resources */ = {isa = PBXBuildFile; fileRef = 99C1E4DE1FC4360F00FE9300 /* SSHomeTableViewCell.xib */; };
		99C1E4E31FC43EC100FE9300 /* TableViewCell+ReuseID.swift in Sources */ = {isa = PBXBuildFile; fileRef = 99C1E4E21FC43EC100FE9300 /* TableViewCell+ReuseID.swift */; };
		99C1E4E61FC4486800FE9300 /* SSHomeShortTableViewCell.swift in Sources */ = {isa = PBXBuildFile; fileRef = 99C1E4E41FC4486800FE9300 /* SSHomeShortTableViewCell.swift */; };
		99C1E4E71FC4486800FE9300 /* SSHomeShortTableViewCell.xib in Resources */ = {isa = PBXBuildFile; fileRef = 99C1E4E51FC4486800FE9300 /* SSHomeShortTableViewCell.xib */; };
		99C1E4EB1FC461B000FE9300 /* Date+Formatter.swift in Sources */ = {isa = PBXBuildFile; fileRef = 99C1E4EA1FC461B000FE9300 /* Date+Formatter.swift */; };
		99CA87F01FBC8890006BE4FE /* SSRightActionButton.swift in Sources */ = {isa = PBXBuildFile; fileRef = 99CA87EF1FBC8890006BE4FE /* SSRightActionButton.swift */; };
		99D905E51FB992E90043DED4 /* SSBaseLabel.swift in Sources */ = {isa = PBXBuildFile; fileRef = 99D905E41FB992E90043DED4 /* SSBaseLabel.swift */; };
		99D905E71FB9C49F0043DED4 /* SSDueDateTextField.swift in Sources */ = {isa = PBXBuildFile; fileRef = 99D905E61FB9C49F0043DED4 /* SSDueDateTextField.swift */; };
		99D905E91FB9C4B60043DED4 /* SSGoalTextField.swift in Sources */ = {isa = PBXBuildFile; fileRef = 99D905E81FB9C4B60043DED4 /* SSGoalTextField.swift */; };
		99D99D111FE7D59000C19D67 /* SSNotificationsManager.swift in Sources */ = {isa = PBXBuildFile; fileRef = 99D99D101FE7D59000C19D67 /* SSNotificationsManager.swift */; };
		99DA3BB21FB457CB00E1B878 /* SSFirstOnboardingViewController.swift in Sources */ = {isa = PBXBuildFile; fileRef = 99DA3BB11FB457CB00E1B878 /* SSFirstOnboardingViewController.swift */; };
		99DA3BB41FB4580100E1B878 /* SSSecondOnboardingViewController.swift in Sources */ = {isa = PBXBuildFile; fileRef = 99DA3BB31FB4580100E1B878 /* SSSecondOnboardingViewController.swift */; };
		99DA3BB61FB4582500E1B878 /* SSThirdOnboardingViewController.swift in Sources */ = {isa = PBXBuildFile; fileRef = 99DA3BB51FB4582500E1B878 /* SSThirdOnboardingViewController.swift */; };
		99DA3BB81FB4583E00E1B878 /* SSFourthOnboardingViewController.swift in Sources */ = {isa = PBXBuildFile; fileRef = 99DA3BB71FB4583E00E1B878 /* SSFourthOnboardingViewController.swift */; };
		99DA3BBA1FB45EF600E1B878 /* SSBaseViewController.swift in Sources */ = {isa = PBXBuildFile; fileRef = 99DA3BB91FB45EF600E1B878 /* SSBaseViewController.swift */; };
		99EF118F1FF3CFEE0050F93D /* SSLastActionAlertView.swift in Sources */ = {isa = PBXBuildFile; fileRef = 99EF118E1FF3CFEE0050F93D /* SSLastActionAlertView.swift */; };
		99EF11911FF3D01A0050F93D /* SSLastActionAlertView.xib in Resources */ = {isa = PBXBuildFile; fileRef = 99EF11901FF3D01A0050F93D /* SSLastActionAlertView.xib */; };
		99F43B2E2010A2F8000C0B68 /* SSAnalyticsManager.swift in Sources */ = {isa = PBXBuildFile; fileRef = 99F43B2D2010A2F8000C0B68 /* SSAnalyticsManager.swift */; };
		99F74E9C20566DBE0067632A /* SSUnlockLessonsAlertView.swift in Sources */ = {isa = PBXBuildFile; fileRef = 99F74E9B20566DBE0067632A /* SSUnlockLessonsAlertView.swift */; };
		99F74E9E20566DD40067632A /* SSUnlockLessonsAlertView.xib in Resources */ = {isa = PBXBuildFile; fileRef = 99F74E9D20566DD40067632A /* SSUnlockLessonsAlertView.xib */; };
		99F74EA0205693300067632A /* SSLessonsViewController.swift in Sources */ = {isa = PBXBuildFile; fileRef = 99F74E9F205693300067632A /* SSLessonsViewController.swift */; };
		99F74EA2205693800067632A /* SSLevelsOfMasteryViewController.swift in Sources */ = {isa = PBXBuildFile; fileRef = 99F74EA1205693800067632A /* SSLevelsOfMasteryViewController.swift */; };
		99F74EA6205697FF0067632A /* SSLessonsCollectionViewCell.swift in Sources */ = {isa = PBXBuildFile; fileRef = 99F74EA4205697FF0067632A /* SSLessonsCollectionViewCell.swift */; };
		99F74EA7205697FF0067632A /* SSLessonsCollectionViewCell.xib in Resources */ = {isa = PBXBuildFile; fileRef = 99F74EA5205697FF0067632A /* SSLessonsCollectionViewCell.xib */; };
		99F74EA92056A7260067632A /* CollectionViewControl.swift in Sources */ = {isa = PBXBuildFile; fileRef = 99F74EA82056A7260067632A /* CollectionViewControl.swift */; };
		99F74EAB2056BC2B0067632A /* SSDetailLessonsViewController.swift in Sources */ = {isa = PBXBuildFile; fileRef = 99F74EAA2056BC2B0067632A /* SSDetailLessonsViewController.swift */; };
		99F74EAF2056CB4B0067632A /* SSLessonsManager.swift in Sources */ = {isa = PBXBuildFile; fileRef = 99F74EAE2056CB4B0067632A /* SSLessonsManager.swift */; };
		99F74EB32057CD380067632A /* Lesson+CoreDataClass.swift in Sources */ = {isa = PBXBuildFile; fileRef = 99F74EB12057CD380067632A /* Lesson+CoreDataClass.swift */; };
		99F74EB42057CD380067632A /* Lesson+CoreDataProperties.swift in Sources */ = {isa = PBXBuildFile; fileRef = 99F74EB22057CD380067632A /* Lesson+CoreDataProperties.swift */; };
		99FEBA2A1FC30A0400B87B12 /* UIColor+FromRGB.swift in Sources */ = {isa = PBXBuildFile; fileRef = 99FEBA291FC30A0400B87B12 /* UIColor+FromRGB.swift */; };
		DC85AD3A0FF4F812499DD547 /* Pods_Stakes.framework in Frameworks */ = {isa = PBXBuildFile; fileRef = 2541582D4E0771234BC17C98 /* Pods_Stakes.framework */; };
/* End PBXBuildFile section */

/* Begin PBXFileReference section */
		0F58EB76A0B948569B28B562 /* Pods-Stakes.release.xcconfig */ = {isa = PBXFileReference; includeInIndex = 1; lastKnownFileType = text.xcconfig; name = "Pods-Stakes.release.xcconfig"; path = "Pods/Target Support Files/Pods-Stakes/Pods-Stakes.release.xcconfig"; sourceTree = "<group>"; };
		2541582D4E0771234BC17C98 /* Pods_Stakes.framework */ = {isa = PBXFileReference; explicitFileType = wrapper.framework; includeInIndex = 0; path = Pods_Stakes.framework; sourceTree = BUILT_PRODUCTS_DIR; };
		3A1B711A1FB2F4D300674BB4 /* Stakes.app */ = {isa = PBXFileReference; explicitFileType = wrapper.application; includeInIndex = 0; path = Stakes.app; sourceTree = BUILT_PRODUCTS_DIR; };
		3A1B711D1FB2F4D300674BB4 /* AppDelegate.swift */ = {isa = PBXFileReference; lastKnownFileType = sourcecode.swift; path = AppDelegate.swift; sourceTree = "<group>"; };
		3A1B71251FB2F4D300674BB4 /* Stakes.xcdatamodel */ = {isa = PBXFileReference; lastKnownFileType = wrapper.xcdatamodel; path = Stakes.xcdatamodel; sourceTree = "<group>"; };
		3A1B71271FB2F4D300674BB4 /* Assets.xcassets */ = {isa = PBXFileReference; lastKnownFileType = folder.assetcatalog; path = Assets.xcassets; sourceTree = "<group>"; };
		3A1B712C1FB2F4D300674BB4 /* Info.plist */ = {isa = PBXFileReference; lastKnownFileType = text.plist.xml; path = Info.plist; sourceTree = "<group>"; };
		3A1B71401FB2F82200674BB4 /* UIStoryboard+Stakes.swift */ = {isa = PBXFileReference; lastKnownFileType = sourcecode.swift; path = "UIStoryboard+Stakes.swift"; sourceTree = "<group>"; };
		3A1B714A1FB2FAB500674BB4 /* en */ = {isa = PBXFileReference; lastKnownFileType = text.plist.strings; name = en; path = en.lproj/Localizable.strings; sourceTree = "<group>"; };
		3A1B714D1FB2FB5500674BB4 /* fr */ = {isa = PBXFileReference; lastKnownFileType = text.plist.strings; name = fr; path = fr.lproj/Localizable.strings; sourceTree = "<group>"; };
		3A1B714F1FB2FB6300674BB4 /* en */ = {isa = PBXFileReference; lastKnownFileType = file.storyboard; name = en; path = en.lproj/Main.storyboard; sourceTree = "<group>"; };
		3A1B71531FB2FB6E00674BB4 /* en */ = {isa = PBXFileReference; lastKnownFileType = file.storyboard; name = en; path = en.lproj/LaunchScreen.storyboard; sourceTree = "<group>"; };
		3A1B71571FB2FC0200674BB4 /* SSLocalizationManager.swift */ = {isa = PBXFileReference; fileEncoding = 4; lastKnownFileType = sourcecode.swift; path = SSLocalizationManager.swift; sourceTree = "<group>"; };
		3A1B71581FB2FC0200674BB4 /* SSMessageManager.swift */ = {isa = PBXFileReference; fileEncoding = 4; lastKnownFileType = sourcecode.swift; path = SSMessageManager.swift; sourceTree = "<group>"; };
		3A1B715D1FB2FC8800674BB4 /* UIView+Stakes.swift */ = {isa = PBXFileReference; lastKnownFileType = sourcecode.swift; path = "UIView+Stakes.swift"; sourceTree = "<group>"; };
		3A1B715F1FB2FD5100674BB4 /* ar */ = {isa = PBXFileReference; lastKnownFileType = text.plist.strings; name = ar; path = ar.lproj/Localizable.strings; sourceTree = "<group>"; };
		3A1B71601FB3145C00674BB4 /* SSIntroductionPageViewController.swift */ = {isa = PBXFileReference; lastKnownFileType = sourcecode.swift; path = SSIntroductionPageViewController.swift; sourceTree = "<group>"; };
		3A6A509F206D038A00895362 /* Stakes.entitlements */ = {isa = PBXFileReference; lastKnownFileType = text.plist.entitlements; path = Stakes.entitlements; sourceTree = "<group>"; };
		3A96A563206124D500DA071D /* SSFifthOnboardingViewController.swift */ = {isa = PBXFileReference; lastKnownFileType = sourcecode.swift; path = SSFifthOnboardingViewController.swift; sourceTree = "<group>"; };
		3A96A565206131EB00DA071D /* SSSixthOnboardingViewController.swift */ = {isa = PBXFileReference; lastKnownFileType = sourcecode.swift; path = SSSixthOnboardingViewController.swift; sourceTree = "<group>"; };
		3A96CECC206B950600F1F7CE /* 1.pdf */ = {isa = PBXFileReference; lastKnownFileType = image.pdf; path = 1.pdf; sourceTree = "<group>"; };
		3A96CECE206B969100F1F7CE /* 4.pdf */ = {isa = PBXFileReference; lastKnownFileType = image.pdf; path = 4.pdf; sourceTree = "<group>"; };
		3A96CED0206BD4D700F1F7CE /* 3.pdf */ = {isa = PBXFileReference; lastKnownFileType = image.pdf; path = 3.pdf; sourceTree = "<group>"; };
		3A96CED1206BD4D700F1F7CE /* 2.pdf */ = {isa = PBXFileReference; lastKnownFileType = image.pdf; path = 2.pdf; sourceTree = "<group>"; };
		3A96CED4206BD4EF00F1F7CE /* 9.pdf */ = {isa = PBXFileReference; lastKnownFileType = image.pdf; path = 9.pdf; sourceTree = "<group>"; };
		3A96CED5206BD4EF00F1F7CE /* 12.pdf */ = {isa = PBXFileReference; lastKnownFileType = image.pdf; path = 12.pdf; sourceTree = "<group>"; };
		3A96CED6206BD4EF00F1F7CE /* 8.pdf */ = {isa = PBXFileReference; lastKnownFileType = image.pdf; path = 8.pdf; sourceTree = "<group>"; };
		3A96CED7206BD4EF00F1F7CE /* 5.pdf */ = {isa = PBXFileReference; lastKnownFileType = image.pdf; path = 5.pdf; sourceTree = "<group>"; };
		3A96CED8206BD4EF00F1F7CE /* 7.pdf */ = {isa = PBXFileReference; lastKnownFileType = image.pdf; path = 7.pdf; sourceTree = "<group>"; };
		3A96CED9206BD4EF00F1F7CE /* 10.pdf */ = {isa = PBXFileReference; lastKnownFileType = image.pdf; path = 10.pdf; sourceTree = "<group>"; };
		3A96CEDA206BD4EF00F1F7CE /* 6.pdf */ = {isa = PBXFileReference; lastKnownFileType = image.pdf; path = 6.pdf; sourceTree = "<group>"; };
		3A96CEDB206BD4F000F1F7CE /* 11.pdf */ = {isa = PBXFileReference; lastKnownFileType = image.pdf; path = 11.pdf; sourceTree = "<group>"; };
		99167AC920406FB4008136F4 /* SSActionPlanTopView.swift */ = {isa = PBXFileReference; lastKnownFileType = sourcecode.swift; path = SSActionPlanTopView.swift; sourceTree = "<group>"; };
		991730AF200E308400CE4311 /* SSFeedbackTextView.swift */ = {isa = PBXFileReference; lastKnownFileType = sourcecode.swift; path = SSFeedbackTextView.swift; sourceTree = "<group>"; };
		9930C766203EBC8E00F4A517 /* GoalWithImageHomeTableViewCell.swift */ = {isa = PBXFileReference; lastKnownFileType = sourcecode.swift; path = GoalWithImageHomeTableViewCell.swift; sourceTree = "<group>"; };
		9930C767203EBC8E00F4A517 /* GoalWithImageHomeTableViewCell.xib */ = {isa = PBXFileReference; lastKnownFileType = file.xib; path = GoalWithImageHomeTableViewCell.xib; sourceTree = "<group>"; };
		993842201FD9A0DA0025BE6B /* SSGoalsTableView.swift */ = {isa = PBXFileReference; lastKnownFileType = sourcecode.swift; path = SSGoalsTableView.swift; sourceTree = "<group>"; };
		9939ACEB1FC6CF3100F8CA52 /* SSPointsView.swift */ = {isa = PBXFileReference; lastKnownFileType = sourcecode.swift; path = SSPointsView.swift; sourceTree = "<group>"; };
		993E43C520500E8300DE31A2 /* SSFeedbackAlertView.swift */ = {isa = PBXFileReference; lastKnownFileType = sourcecode.swift; path = SSFeedbackAlertView.swift; sourceTree = "<group>"; };
		993E43C720500F3D00DE31A2 /* SSFeedbackAlertView.xib */ = {isa = PBXFileReference; lastKnownFileType = file.xib; path = SSFeedbackAlertView.xib; sourceTree = "<group>"; };
		993E43C92050138400DE31A2 /* FeedbackHepler.swift */ = {isa = PBXFileReference; lastKnownFileType = sourcecode.swift; path = FeedbackHepler.swift; sourceTree = "<group>"; };
		993E43CB205022BB00DE31A2 /* SSFeedbackView.swift */ = {isa = PBXFileReference; lastKnownFileType = sourcecode.swift; path = SSFeedbackView.swift; sourceTree = "<group>"; };
		993E43CD205022D000DE31A2 /* SSFeedbackView.xib */ = {isa = PBXFileReference; lastKnownFileType = file.xib; path = SSFeedbackView.xib; sourceTree = "<group>"; };
		994AABF0204404BB00DFFE6D /* Stakes_v2.1.xcdatamodel */ = {isa = PBXFileReference; lastKnownFileType = wrapper.xcdatamodel; path = Stakes_v2.1.xcdatamodel; sourceTree = "<group>"; };
		994AABF2204405CE00DFFE6D /* Goal+CoreDataProperties.swift */ = {isa = PBXFileReference; lastKnownFileType = sourcecode.swift; path = "Goal+CoreDataProperties.swift"; sourceTree = "<group>"; };
		9959AE5E1FBF201600CDBF50 /* Goal+CoreDataClass.swift */ = {isa = PBXFileReference; lastKnownFileType = sourcecode.swift; name = "Goal+CoreDataClass.swift"; path = "CoreDataProperties/Goal+CoreDataClass.swift"; sourceTree = "<group>"; };
		9959AE601FBF201600CDBF50 /* Action+CoreDataClass.swift */ = {isa = PBXFileReference; lastKnownFileType = sourcecode.swift; name = "Action+CoreDataClass.swift"; path = "CoreDataProperties/Action+CoreDataClass.swift"; sourceTree = "<group>"; };
		996675D220061E2B003CB7F3 /* Action+CoreDataProperties.swift */ = {isa = PBXFileReference; lastKnownFileType = sourcecode.swift; path = "Action+CoreDataProperties.swift"; sourceTree = "<group>"; };
		996675D62006208A003CB7F3 /* SSPurchaseAlertView.swift */ = {isa = PBXFileReference; lastKnownFileType = sourcecode.swift; path = SSPurchaseAlertView.swift; sourceTree = "<group>"; };
		996675D820062097003CB7F3 /* SSPurchaseAlertView.xib */ = {isa = PBXFileReference; lastKnownFileType = file.xib; path = SSPurchaseAlertView.xib; sourceTree = "<group>"; };
		996675DA200631ED003CB7F3 /* SSPurchaseManager.swift */ = {isa = PBXFileReference; fileEncoding = 4; lastKnownFileType = sourcecode.swift; path = SSPurchaseManager.swift; sourceTree = "<group>"; };
		996675DE20064DCC003CB7F3 /* SSCustomActivity.swift */ = {isa = PBXFileReference; lastKnownFileType = sourcecode.swift; path = SSCustomActivity.swift; sourceTree = "<group>"; };
		996675E220077107003CB7F3 /* SSInstagramShareManager.swift */ = {isa = PBXFileReference; lastKnownFileType = sourcecode.swift; path = SSInstagramShareManager.swift; sourceTree = "<group>"; };
		9970C2FD2059572E00D16078 /* SSLevel.swift */ = {isa = PBXFileReference; lastKnownFileType = sourcecode.swift; path = SSLevel.swift; sourceTree = "<group>"; };
		9970C2FF2059614200D16078 /* SSLevelsManager.swift */ = {isa = PBXFileReference; lastKnownFileType = sourcecode.swift; path = SSLevelsManager.swift; sourceTree = "<group>"; };
		9970C301205A908700D16078 /* TableViewControl.swift */ = {isa = PBXFileReference; fileEncoding = 4; lastKnownFileType = sourcecode.swift; path = TableViewControl.swift; sourceTree = "<group>"; };
		9970C304205A90EF00D16078 /* SSLevelsTableViewCell.swift */ = {isa = PBXFileReference; lastKnownFileType = sourcecode.swift; path = SSLevelsTableViewCell.swift; sourceTree = "<group>"; };
		9970C305205A90EF00D16078 /* SSLevelsTableViewCell.xib */ = {isa = PBXFileReference; lastKnownFileType = file.xib; path = SSLevelsTableViewCell.xib; sourceTree = "<group>"; };
		9970C308205AAE1E00D16078 /* BRCircularProgressView.swift */ = {isa = PBXFileReference; fileEncoding = 4; lastKnownFileType = sourcecode.swift; path = BRCircularProgressView.swift; sourceTree = "<group>"; };
		997BC1B81FE004FB00FBC6A2 /* SSCustomAlertViewController.swift */ = {isa = PBXFileReference; lastKnownFileType = sourcecode.swift; path = SSCustomAlertViewController.swift; sourceTree = "<group>"; };
		997BC1C01FE035A300FBC6A2 /* SSComlpeteActionAlertView.swift */ = {isa = PBXFileReference; lastKnownFileType = sourcecode.swift; path = SSComlpeteActionAlertView.swift; sourceTree = "<group>"; };
		997BC1C21FE035B000FBC6A2 /* SSComlpeteActionAlertView.xib */ = {isa = PBXFileReference; lastKnownFileType = file.xib; path = SSComlpeteActionAlertView.xib; sourceTree = "<group>"; };
		997CE6F51FFE238800DE3BEA /* SSNameTextView.swift */ = {isa = PBXFileReference; lastKnownFileType = sourcecode.swift; path = SSNameTextView.swift; sourceTree = "<group>"; };
		99841DB61FB5D1AA009FEA75 /* SSHomeViewController.swift */ = {isa = PBXFileReference; lastKnownFileType = sourcecode.swift; path = SSHomeViewController.swift; sourceTree = "<group>"; };
		99841DB91FB5D207009FEA75 /* SSActionPlanViewController.swift */ = {isa = PBXFileReference; lastKnownFileType = sourcecode.swift; path = SSActionPlanViewController.swift; sourceTree = "<group>"; };
		99841DBD1FB5D28A009FEA75 /* SSCreateActionViewController.swift */ = {isa = PBXFileReference; lastKnownFileType = sourcecode.swift; path = SSCreateActionViewController.swift; sourceTree = "<group>"; };
		99841DC01FB5D355009FEA75 /* SSMenuViewController.swift */ = {isa = PBXFileReference; lastKnownFileType = sourcecode.swift; path = SSMenuViewController.swift; sourceTree = "<group>"; };
		99841DC41FB5D3EA009FEA75 /* SSSettingsViewController.swift */ = {isa = PBXFileReference; lastKnownFileType = sourcecode.swift; path = SSSettingsViewController.swift; sourceTree = "<group>"; };
		99841DC61FB5D421009FEA75 /* SSFeedbackViewController.swift */ = {isa = PBXFileReference; lastKnownFileType = sourcecode.swift; path = SSFeedbackViewController.swift; sourceTree = "<group>"; };
		99841DCA1FB5E72E009FEA75 /* UIViewController + Reuse ID.swift */ = {isa = PBXFileReference; lastKnownFileType = sourcecode.swift; path = "UIViewController + Reuse ID.swift"; sourceTree = "<group>"; };
		9984A1151FC58F0100696EEC /* SSSelectCircleButton.swift */ = {isa = PBXFileReference; lastKnownFileType = sourcecode.swift; path = SSSelectCircleButton.swift; sourceTree = "<group>"; };
		9984A1171FC5A87200696EEC /* SSBaseButton.swift */ = {isa = PBXFileReference; lastKnownFileType = sourcecode.swift; path = SSBaseButton.swift; sourceTree = "<group>"; };
		9984A1191FC5C54500696EEC /* SSMainNavigationController.swift */ = {isa = PBXFileReference; lastKnownFileType = sourcecode.swift; path = SSMainNavigationController.swift; sourceTree = "<group>"; };
		998694711FE125F90098F6A9 /* SSBaseCustomAlertView.swift */ = {isa = PBXFileReference; lastKnownFileType = sourcecode.swift; path = SSBaseCustomAlertView.swift; sourceTree = "<group>"; };
		998694741FE12BD30098F6A9 /* SSActionAlertView.swift */ = {isa = PBXFileReference; lastKnownFileType = sourcecode.swift; path = SSActionAlertView.swift; sourceTree = "<group>"; };
		998694761FE12BDB0098F6A9 /* SSActionAlertView.xib */ = {isa = PBXFileReference; lastKnownFileType = file.xib; path = SSActionAlertView.xib; sourceTree = "<group>"; };
		998694791FE13FF10098F6A9 /* SSShareGoalAlertView.xib */ = {isa = PBXFileReference; lastKnownFileType = file.xib; path = SSShareGoalAlertView.xib; sourceTree = "<group>"; };
		9986947B1FE140030098F6A9 /* SSShareGoalAlertView.swift */ = {isa = PBXFileReference; lastKnownFileType = sourcecode.swift; path = SSShareGoalAlertView.swift; sourceTree = "<group>"; };
		998988011FE176AC00FEAD60 /* TGPDiscreteSlider.swift */ = {isa = PBXFileReference; lastKnownFileType = sourcecode.swift; path = TGPDiscreteSlider.swift; sourceTree = "<group>"; };
		998988031FE177D500FEAD60 /* TGPControlsTicksProtocol.swift */ = {isa = PBXFileReference; lastKnownFileType = sourcecode.swift; path = TGPControlsTicksProtocol.swift; sourceTree = "<group>"; };
		998988061FE190E700FEAD60 /* SSMainCustomAlertView.swift */ = {isa = PBXFileReference; lastKnownFileType = sourcecode.swift; path = SSMainCustomAlertView.swift; sourceTree = "<group>"; };
		998988081FE1911F00FEAD60 /* SSMainCustomAlertView.xib */ = {isa = PBXFileReference; lastKnownFileType = file.xib; path = SSMainCustomAlertView.xib; sourceTree = "<group>"; };
		998A71EF1FBD839E00051B97 /* SSConstants.swift */ = {isa = PBXFileReference; lastKnownFileType = sourcecode.swift; path = SSConstants.swift; sourceTree = "<group>"; };
		998A71F11FBD88A900051B97 /* SSBaseTextField.swift */ = {isa = PBXFileReference; lastKnownFileType = sourcecode.swift; path = SSBaseTextField.swift; sourceTree = "<group>"; };
		998A71F91FBDC13B00051B97 /* SSCoreDataManager.swift */ = {isa = PBXFileReference; fileEncoding = 4; lastKnownFileType = sourcecode.swift; path = SSCoreDataManager.swift; sourceTree = "<group>"; };
		998FBCF11FBAE9530026305A /* en */ = {isa = PBXFileReference; lastKnownFileType = file.storyboard; name = en; path = en.lproj/Home.storyboard; sourceTree = "<group>"; };
		998FBCF41FBAE9730026305A /* en */ = {isa = PBXFileReference; lastKnownFileType = file.storyboard; name = en; path = en.lproj/Menu.storyboard; sourceTree = "<group>"; };
		998FBCF61FBAF8DF0026305A /* SSTimeLinePointView.swift */ = {isa = PBXFileReference; lastKnownFileType = sourcecode.swift; name = SSTimeLinePointView.swift; path = Stakes/Classes/View/SSTimeLinePointView.swift; sourceTree = SOURCE_ROOT; };
		99944CDE1FC80628009AF0E5 /* SSCreateGoalViewController.swift */ = {isa = PBXFileReference; lastKnownFileType = sourcecode.swift; path = SSCreateGoalViewController.swift; sourceTree = "<group>"; };
		99944CE01FC808F7009AF0E5 /* SSCreateGoalView.xib */ = {isa = PBXFileReference; lastKnownFileType = file.xib; path = SSCreateGoalView.xib; sourceTree = "<group>"; };
		99944CE21FC80BC9009AF0E5 /* SSCreateGoalView.swift */ = {isa = PBXFileReference; lastKnownFileType = sourcecode.swift; path = SSCreateGoalView.swift; sourceTree = "<group>"; };
		99944CE71FC80ED5009AF0E5 /* SSCircleView.swift */ = {isa = PBXFileReference; fileEncoding = 4; lastKnownFileType = sourcecode.swift; path = SSCircleView.swift; sourceTree = "<group>"; };
		99944CE81FC80ED5009AF0E5 /* SSCircleViewCoordinates.swift */ = {isa = PBXFileReference; fileEncoding = 4; lastKnownFileType = sourcecode.swift; path = SSCircleViewCoordinates.swift; sourceTree = "<group>"; };
		99944CEB1FC80FDA009AF0E5 /* SSBaseDetailViewController.swift */ = {isa = PBXFileReference; lastKnownFileType = sourcecode.swift; path = SSBaseDetailViewController.swift; sourceTree = "<group>"; };
		99944CED1FC814D4009AF0E5 /* SSCenterActionButton.swift */ = {isa = PBXFileReference; lastKnownFileType = sourcecode.swift; path = SSCenterActionButton.swift; sourceTree = "<group>"; };
		99957F191FEADEB000F9291E /* SSNotificationDelegate.swift */ = {isa = PBXFileReference; lastKnownFileType = sourcecode.swift; path = SSNotificationDelegate.swift; sourceTree = "<group>"; };
		999687131FD696D200EF52CE /* Big_Caslon-Medium.ttf */ = {isa = PBXFileReference; lastKnownFileType = file; path = "Big_Caslon-Medium.ttf"; sourceTree = "<group>"; };
		999A25661FCD538400F9E148 /* SSActionPlanTableViewCell.swift */ = {isa = PBXFileReference; lastKnownFileType = sourcecode.swift; path = SSActionPlanTableViewCell.swift; sourceTree = "<group>"; };
		999A25671FCD538400F9E148 /* SSActionPlanTableViewCell.xib */ = {isa = PBXFileReference; lastKnownFileType = file.xib; path = SSActionPlanTableViewCell.xib; sourceTree = "<group>"; };
		999A256A1FCD548500F9E148 /* SSBaseTableViewCell.swift */ = {isa = PBXFileReference; lastKnownFileType = sourcecode.swift; path = SSBaseTableViewCell.swift; sourceTree = "<group>"; };
		999A256E1FCD6EEB00F9E148 /* Float+StakeString.swift */ = {isa = PBXFileReference; lastKnownFileType = sourcecode.swift; path = "Float+StakeString.swift"; sourceTree = "<group>"; };
		99B5DAF81FDAA69800ED6155 /* SSUnderlineView.swift */ = {isa = PBXFileReference; lastKnownFileType = sourcecode.swift; path = SSUnderlineView.swift; sourceTree = "<group>"; };
		99BCC9041FE3E0300087D87B /* SSCalendarSyncManager.swift */ = {isa = PBXFileReference; fileEncoding = 4; lastKnownFileType = sourcecode.swift; path = SSCalendarSyncManager.swift; sourceTree = "<group>"; };
		99C1E4DB1FC42FDB00FE9300 /* SSCurrentDateLabel.swift */ = {isa = PBXFileReference; lastKnownFileType = sourcecode.swift; path = SSCurrentDateLabel.swift; sourceTree = "<group>"; };
		99C1E4DD1FC4360F00FE9300 /* SSHomeTableViewCell.swift */ = {isa = PBXFileReference; lastKnownFileType = sourcecode.swift; path = SSHomeTableViewCell.swift; sourceTree = "<group>"; };
		99C1E4DE1FC4360F00FE9300 /* SSHomeTableViewCell.xib */ = {isa = PBXFileReference; lastKnownFileType = file.xib; path = SSHomeTableViewCell.xib; sourceTree = "<group>"; };
		99C1E4E21FC43EC100FE9300 /* TableViewCell+ReuseID.swift */ = {isa = PBXFileReference; lastKnownFileType = sourcecode.swift; path = "TableViewCell+ReuseID.swift"; sourceTree = "<group>"; };
		99C1E4E41FC4486800FE9300 /* SSHomeShortTableViewCell.swift */ = {isa = PBXFileReference; lastKnownFileType = sourcecode.swift; path = SSHomeShortTableViewCell.swift; sourceTree = "<group>"; };
		99C1E4E51FC4486800FE9300 /* SSHomeShortTableViewCell.xib */ = {isa = PBXFileReference; lastKnownFileType = file.xib; path = SSHomeShortTableViewCell.xib; sourceTree = "<group>"; };
		99C1E4E81FC4574C00FE9300 /* SSPoint.swift */ = {isa = PBXFileReference; lastKnownFileType = sourcecode.swift; path = SSPoint.swift; sourceTree = "<group>"; };
		99C1E4EA1FC461B000FE9300 /* Date+Formatter.swift */ = {isa = PBXFileReference; lastKnownFileType = sourcecode.swift; path = "Date+Formatter.swift"; sourceTree = "<group>"; };
		99CA87EF1FBC8890006BE4FE /* SSRightActionButton.swift */ = {isa = PBXFileReference; lastKnownFileType = sourcecode.swift; path = SSRightActionButton.swift; sourceTree = "<group>"; };
		99D905E41FB992E90043DED4 /* SSBaseLabel.swift */ = {isa = PBXFileReference; lastKnownFileType = sourcecode.swift; path = SSBaseLabel.swift; sourceTree = "<group>"; };
		99D905E61FB9C49F0043DED4 /* SSDueDateTextField.swift */ = {isa = PBXFileReference; lastKnownFileType = sourcecode.swift; name = SSDueDateTextField.swift; path = Stakes/Classes/View/SSDueDateTextField.swift; sourceTree = SOURCE_ROOT; };
		99D905E81FB9C4B60043DED4 /* SSGoalTextField.swift */ = {isa = PBXFileReference; lastKnownFileType = sourcecode.swift; path = SSGoalTextField.swift; sourceTree = "<group>"; };
		99D99D101FE7D59000C19D67 /* SSNotificationsManager.swift */ = {isa = PBXFileReference; lastKnownFileType = sourcecode.swift; path = SSNotificationsManager.swift; sourceTree = "<group>"; };
		99DA3BB11FB457CB00E1B878 /* SSFirstOnboardingViewController.swift */ = {isa = PBXFileReference; lastKnownFileType = sourcecode.swift; path = SSFirstOnboardingViewController.swift; sourceTree = "<group>"; };
		99DA3BB31FB4580100E1B878 /* SSSecondOnboardingViewController.swift */ = {isa = PBXFileReference; lastKnownFileType = sourcecode.swift; path = SSSecondOnboardingViewController.swift; sourceTree = "<group>"; };
		99DA3BB51FB4582500E1B878 /* SSThirdOnboardingViewController.swift */ = {isa = PBXFileReference; lastKnownFileType = sourcecode.swift; path = SSThirdOnboardingViewController.swift; sourceTree = "<group>"; };
		99DA3BB71FB4583E00E1B878 /* SSFourthOnboardingViewController.swift */ = {isa = PBXFileReference; lastKnownFileType = sourcecode.swift; path = SSFourthOnboardingViewController.swift; sourceTree = "<group>"; };
		99DA3BB91FB45EF600E1B878 /* SSBaseViewController.swift */ = {isa = PBXFileReference; lastKnownFileType = sourcecode.swift; path = SSBaseViewController.swift; sourceTree = "<group>"; };
		99EF118E1FF3CFEE0050F93D /* SSLastActionAlertView.swift */ = {isa = PBXFileReference; lastKnownFileType = sourcecode.swift; path = SSLastActionAlertView.swift; sourceTree = "<group>"; };
		99EF11901FF3D01A0050F93D /* SSLastActionAlertView.xib */ = {isa = PBXFileReference; lastKnownFileType = file.xib; path = SSLastActionAlertView.xib; sourceTree = "<group>"; };
		99F43B2D2010A2F8000C0B68 /* SSAnalyticsManager.swift */ = {isa = PBXFileReference; lastKnownFileType = sourcecode.swift; path = SSAnalyticsManager.swift; sourceTree = "<group>"; };
		99F74E9B20566DBE0067632A /* SSUnlockLessonsAlertView.swift */ = {isa = PBXFileReference; lastKnownFileType = sourcecode.swift; path = SSUnlockLessonsAlertView.swift; sourceTree = "<group>"; };
		99F74E9D20566DD40067632A /* SSUnlockLessonsAlertView.xib */ = {isa = PBXFileReference; lastKnownFileType = file.xib; path = SSUnlockLessonsAlertView.xib; sourceTree = "<group>"; };
		99F74E9F205693300067632A /* SSLessonsViewController.swift */ = {isa = PBXFileReference; lastKnownFileType = sourcecode.swift; path = SSLessonsViewController.swift; sourceTree = "<group>"; };
		99F74EA1205693800067632A /* SSLevelsOfMasteryViewController.swift */ = {isa = PBXFileReference; lastKnownFileType = sourcecode.swift; path = SSLevelsOfMasteryViewController.swift; sourceTree = "<group>"; };
		99F74EA4205697FF0067632A /* SSLessonsCollectionViewCell.swift */ = {isa = PBXFileReference; lastKnownFileType = sourcecode.swift; path = SSLessonsCollectionViewCell.swift; sourceTree = "<group>"; };
		99F74EA5205697FF0067632A /* SSLessonsCollectionViewCell.xib */ = {isa = PBXFileReference; lastKnownFileType = file.xib; path = SSLessonsCollectionViewCell.xib; sourceTree = "<group>"; };
		99F74EA82056A7260067632A /* CollectionViewControl.swift */ = {isa = PBXFileReference; fileEncoding = 4; lastKnownFileType = sourcecode.swift; path = CollectionViewControl.swift; sourceTree = "<group>"; };
		99F74EAA2056BC2B0067632A /* SSDetailLessonsViewController.swift */ = {isa = PBXFileReference; lastKnownFileType = sourcecode.swift; path = SSDetailLessonsViewController.swift; sourceTree = "<group>"; };
		99F74EAE2056CB4B0067632A /* SSLessonsManager.swift */ = {isa = PBXFileReference; lastKnownFileType = sourcecode.swift; path = SSLessonsManager.swift; sourceTree = "<group>"; };
		99F74EB12057CD380067632A /* Lesson+CoreDataClass.swift */ = {isa = PBXFileReference; lastKnownFileType = sourcecode.swift; path = "Lesson+CoreDataClass.swift"; sourceTree = "<group>"; };
		99F74EB22057CD380067632A /* Lesson+CoreDataProperties.swift */ = {isa = PBXFileReference; lastKnownFileType = sourcecode.swift; path = "Lesson+CoreDataProperties.swift"; sourceTree = "<group>"; };
		99FEBA291FC30A0400B87B12 /* UIColor+FromRGB.swift */ = {isa = PBXFileReference; lastKnownFileType = sourcecode.swift; path = "UIColor+FromRGB.swift"; sourceTree = "<group>"; };
		B47F8FDB52E0F3F13888685F /* Pods-Stakes.debug.xcconfig */ = {isa = PBXFileReference; includeInIndex = 1; lastKnownFileType = text.xcconfig; name = "Pods-Stakes.debug.xcconfig"; path = "Pods/Target Support Files/Pods-Stakes/Pods-Stakes.debug.xcconfig"; sourceTree = "<group>"; };
/* End PBXFileReference section */

/* Begin PBXFrameworksBuildPhase section */
		3A1B71171FB2F4D300674BB4 /* Frameworks */ = {
			isa = PBXFrameworksBuildPhase;
			buildActionMask = 2147483647;
			files = (
				DC85AD3A0FF4F812499DD547 /* Pods_Stakes.framework in Frameworks */,
			);
			runOnlyForDeploymentPostprocessing = 0;
		};
/* End PBXFrameworksBuildPhase section */

/* Begin PBXGroup section */
		3A1B71111FB2F4D300674BB4 = {
			isa = PBXGroup;
			children = (
				3A1B711C1FB2F4D300674BB4 /* Stakes */,
				3A1B711B1FB2F4D300674BB4 /* Products */,
				54888D7A190FCDD97480EEA2 /* Pods */,
				55F2FB72B7B010482B2498E3 /* Frameworks */,
			);
			sourceTree = "<group>";
		};
		3A1B711B1FB2F4D300674BB4 /* Products */ = {
			isa = PBXGroup;
			children = (
				3A1B711A1FB2F4D300674BB4 /* Stakes.app */,
			);
			name = Products;
			sourceTree = "<group>";
		};
		3A1B711C1FB2F4D300674BB4 /* Stakes */ = {
			isa = PBXGroup;
			children = (
				3A6A509F206D038A00895362 /* Stakes.entitlements */,
				9970C2E62059290800D16078 /* Lessons */,
				3A1B71361FB2F5E400674BB4 /* Resources */,
				3A1B71321FB2F5C300674BB4 /* Classes */,
				3A1B712C1FB2F4D300674BB4 /* Info.plist */,
			);
			path = Stakes;
			sourceTree = "<group>";
		};
		3A1B71321FB2F5C300674BB4 /* Classes */ = {
			isa = PBXGroup;
			children = (
				3A1B711D1FB2F4D300674BB4 /* AppDelegate.swift */,
				998A71F71FBD96DB00051B97 /* Models */,
				998A71F81FBD96F000051B97 /* Helpers */,
				3A1B71561FB2FBE600674BB4 /* Managers */,
				3A1B713A1FB2F69700674BB4 /* Extensions */,
				99DA3BBB1FB45F2F00E1B878 /* BaseClasses */,
				998A71F61FBD96A800051B97 /* View */,
				9971AF81201A10C50070BFBA /* Custom Alerts */,
				3A1B71331FB2F5CA00674BB4 /* ViewControllers */,
			);
			path = Classes;
			sourceTree = "<group>";
		};
		3A1B71331FB2F5CA00674BB4 /* ViewControllers */ = {
			isa = PBXGroup;
			children = (
				99841DB81FB5D1B9009FEA75 /* Introduction */,
				99841DBF1FB5D305009FEA75 /* Home */,
				99841DC81FB5D483009FEA75 /* Menu */,
			);
			path = ViewControllers;
			sourceTree = "<group>";
		};
		3A1B71361FB2F5E400674BB4 /* Resources */ = {
			isa = PBXGroup;
			children = (
				99841DC91FB5D4CF009FEA75 /* Storyboards */,
				3A1B71481FB2FA7000674BB4 /* Localizable.strings */,
				999687131FD696D200EF52CE /* Big_Caslon-Medium.ttf */,
				3A1B71271FB2F4D300674BB4 /* Assets.xcassets */,
				3A1B71241FB2F4D300674BB4 /* Stakes.xcdatamodeld */,
			);
			path = Resources;
			sourceTree = "<group>";
		};
		3A1B713A1FB2F69700674BB4 /* Extensions */ = {
			isa = PBXGroup;
			children = (
				3A1B71401FB2F82200674BB4 /* UIStoryboard+Stakes.swift */,
				999A256E1FCD6EEB00F9E148 /* Float+StakeString.swift */,
				99C1E4EA1FC461B000FE9300 /* Date+Formatter.swift */,
				99C1E4E21FC43EC100FE9300 /* TableViewCell+ReuseID.swift */,
				99FEBA291FC30A0400B87B12 /* UIColor+FromRGB.swift */,
				3A1B715D1FB2FC8800674BB4 /* UIView+Stakes.swift */,
				99841DCA1FB5E72E009FEA75 /* UIViewController + Reuse ID.swift */,
			);
			path = Extensions;
			sourceTree = "<group>";
		};
		3A1B71561FB2FBE600674BB4 /* Managers */ = {
			isa = PBXGroup;
			children = (
				996675E220077107003CB7F3 /* SSInstagramShareManager.swift */,
				996675DA200631ED003CB7F3 /* SSPurchaseManager.swift */,
				3A1B71581FB2FC0200674BB4 /* SSMessageManager.swift */,
				998A71F91FBDC13B00051B97 /* SSCoreDataManager.swift */,
				99BCC9041FE3E0300087D87B /* SSCalendarSyncManager.swift */,
				99D99D101FE7D59000C19D67 /* SSNotificationsManager.swift */,
				3A1B71571FB2FC0200674BB4 /* SSLocalizationManager.swift */,
				99F43B2D2010A2F8000C0B68 /* SSAnalyticsManager.swift */,
				99F74EAE2056CB4B0067632A /* SSLessonsManager.swift */,
				9970C2FF2059614200D16078 /* SSLevelsManager.swift */,
			);
			path = Managers;
			sourceTree = "<group>";
		};
		54888D7A190FCDD97480EEA2 /* Pods */ = {
			isa = PBXGroup;
			children = (
				B47F8FDB52E0F3F13888685F /* Pods-Stakes.debug.xcconfig */,
				0F58EB76A0B948569B28B562 /* Pods-Stakes.release.xcconfig */,
			);
			name = Pods;
			sourceTree = "<group>";
		};
		55F2FB72B7B010482B2498E3 /* Frameworks */ = {
			isa = PBXGroup;
			children = (
				2541582D4E0771234BC17C98 /* Pods_Stakes.framework */,
			);
			name = Frameworks;
			sourceTree = "<group>";
		};
		993E43C420500E4800DE31A2 /* Feedback Alert */ = {
			isa = PBXGroup;
			children = (
				993E43C520500E8300DE31A2 /* SSFeedbackAlertView.swift */,
				993E43C720500F3D00DE31A2 /* SSFeedbackAlertView.xib */,
			);
			path = "Feedback Alert";
			sourceTree = "<group>";
		};
		99450C701FBDE82600667B18 /* CoreDataProperties */ = {
			isa = PBXGroup;
			children = (
				996675D220061E2B003CB7F3 /* Action+CoreDataProperties.swift */,
				994AABF2204405CE00DFFE6D /* Goal+CoreDataProperties.swift */,
				99F74EB22057CD380067632A /* Lesson+CoreDataProperties.swift */,
			);
			path = CoreDataProperties;
			sourceTree = "<group>";
		};
		996675D520062014003CB7F3 /* Purchase Alert */ = {
			isa = PBXGroup;
			children = (
				996675D62006208A003CB7F3 /* SSPurchaseAlertView.swift */,
				996675D820062097003CB7F3 /* SSPurchaseAlertView.xib */,
			);
			path = "Purchase Alert";
			sourceTree = "<group>";
		};
		9970C2E62059290800D16078 /* Lessons */ = {
			isa = PBXGroup;
			children = (
				3A96CED7206BD4EF00F1F7CE /* 5.pdf */,
				3A96CEDA206BD4EF00F1F7CE /* 6.pdf */,
				3A96CED8206BD4EF00F1F7CE /* 7.pdf */,
				3A96CED6206BD4EF00F1F7CE /* 8.pdf */,
				3A96CED4206BD4EF00F1F7CE /* 9.pdf */,
				3A96CED9206BD4EF00F1F7CE /* 10.pdf */,
				3A96CEDB206BD4F000F1F7CE /* 11.pdf */,
				3A96CED5206BD4EF00F1F7CE /* 12.pdf */,
				3A96CECE206B969100F1F7CE /* 4.pdf */,
				3A96CED1206BD4D700F1F7CE /* 2.pdf */,
				3A96CED0206BD4D700F1F7CE /* 3.pdf */,
				3A96CECC206B950600F1F7CE /* 1.pdf */,
			);
			path = Lessons;
			sourceTree = "<group>";
		};
		9970C303205A90D700D16078 /* Levels Cell */ = {
			isa = PBXGroup;
			children = (
				9970C304205A90EF00D16078 /* SSLevelsTableViewCell.swift */,
				9970C305205A90EF00D16078 /* SSLevelsTableViewCell.xib */,
			);
			path = "Levels Cell";
			sourceTree = "<group>";
		};
		9971AF81201A10C50070BFBA /* Custom Alerts */ = {
			isa = PBXGroup;
			children = (
				998694781FE13F250098F6A9 /* Share Alert */,
				998988051FE190AA00FEAD60 /* Main Alert */,
				998694731FE12BA20098F6A9 /* Alert with action */,
				99EF118D1FF3CFAA0050F93D /* Last Action Alert */,
				996675D520062014003CB7F3 /* Purchase Alert */,
				997BC1C41FE035B700FBC6A2 /* Complete Alert */,
				99F74E9A20566D840067632A /* Unlock Lessons */,
				993E43C420500E4800DE31A2 /* Feedback Alert */,
				998694711FE125F90098F6A9 /* SSBaseCustomAlertView.swift */,
				997BC1B81FE004FB00FBC6A2 /* SSCustomAlertViewController.swift */,
			);
			path = "Custom Alerts";
			sourceTree = "<group>";
		};
		997BC1C41FE035B700FBC6A2 /* Complete Alert */ = {
			isa = PBXGroup;
			children = (
				997BC1C01FE035A300FBC6A2 /* SSComlpeteActionAlertView.swift */,
				997BC1C21FE035B000FBC6A2 /* SSComlpeteActionAlertView.xib */,
			);
			path = "Complete Alert";
			sourceTree = "<group>";
		};
		99841DB81FB5D1B9009FEA75 /* Introduction */ = {
			isa = PBXGroup;
			children = (
				3A1B71601FB3145C00674BB4 /* SSIntroductionPageViewController.swift */,
				99DA3BB11FB457CB00E1B878 /* SSFirstOnboardingViewController.swift */,
				99DA3BB31FB4580100E1B878 /* SSSecondOnboardingViewController.swift */,
				99DA3BB51FB4582500E1B878 /* SSThirdOnboardingViewController.swift */,
				99DA3BB71FB4583E00E1B878 /* SSFourthOnboardingViewController.swift */,
				3A96A563206124D500DA071D /* SSFifthOnboardingViewController.swift */,
				3A96A565206131EB00DA071D /* SSSixthOnboardingViewController.swift */,
			);
			path = Introduction;
			sourceTree = "<group>";
		};
		99841DBF1FB5D305009FEA75 /* Home */ = {
			isa = PBXGroup;
			children = (
				99C1E4E11FC4361500FE9300 /* SSHomeCell */,
				999A25631FCD532700F9E148 /* SSActionPlanCell */,
				99841DB61FB5D1AA009FEA75 /* SSHomeViewController.swift */,
				99841DB91FB5D207009FEA75 /* SSActionPlanViewController.swift */,
				99944CDE1FC80628009AF0E5 /* SSCreateGoalViewController.swift */,
				99841DBD1FB5D28A009FEA75 /* SSCreateActionViewController.swift */,
			);
			path = Home;
			sourceTree = "<group>";
		};
		99841DC81FB5D483009FEA75 /* Menu */ = {
			isa = PBXGroup;
			children = (
				9970C303205A90D700D16078 /* Levels Cell */,
				99F74EA3205697D00067632A /* Lessons Cell */,
				99841DC01FB5D355009FEA75 /* SSMenuViewController.swift */,
				99841DC41FB5D3EA009FEA75 /* SSSettingsViewController.swift */,
				99841DC61FB5D421009FEA75 /* SSFeedbackViewController.swift */,
				99F74E9F205693300067632A /* SSLessonsViewController.swift */,
				99F74EAA2056BC2B0067632A /* SSDetailLessonsViewController.swift */,
				99F74EA1205693800067632A /* SSLevelsOfMasteryViewController.swift */,
			);
			path = Menu;
			sourceTree = "<group>";
		};
		99841DC91FB5D4CF009FEA75 /* Storyboards */ = {
			isa = PBXGroup;
			children = (
				3A1B71211FB2F4D300674BB4 /* Main.storyboard */,
				998FBCF21FBAE9530026305A /* Home.storyboard */,
				998FBCF51FBAE9730026305A /* Menu.storyboard */,
				3A1B71291FB2F4D300674BB4 /* LaunchScreen.storyboard */,
			);
			path = Storyboards;
			sourceTree = "<group>";
		};
		998694731FE12BA20098F6A9 /* Alert with action */ = {
			isa = PBXGroup;
			children = (
				998694741FE12BD30098F6A9 /* SSActionAlertView.swift */,
				998694761FE12BDB0098F6A9 /* SSActionAlertView.xib */,
			);
			path = "Alert with action";
			sourceTree = "<group>";
		};
		998694781FE13F250098F6A9 /* Share Alert */ = {
			isa = PBXGroup;
			children = (
				9986947B1FE140030098F6A9 /* SSShareGoalAlertView.swift */,
				998694791FE13FF10098F6A9 /* SSShareGoalAlertView.xib */,
			);
			path = "Share Alert";
			sourceTree = "<group>";
		};
		998988051FE190AA00FEAD60 /* Main Alert */ = {
			isa = PBXGroup;
			children = (
				998988061FE190E700FEAD60 /* SSMainCustomAlertView.swift */,
				998988081FE1911F00FEAD60 /* SSMainCustomAlertView.xib */,
			);
			path = "Main Alert";
			sourceTree = "<group>";
		};
		998A71F61FBD96A800051B97 /* View */ = {
			isa = PBXGroup;
			children = (
				99944CE41FC80DCF009AF0E5 /* CreateGoalView */,
				99C2BAB42050262D00708C6A /* FeedbackView */,
				99944CE61FC80EC1009AF0E5 /* BackgroundCircleView */,
				996675DE20064DCC003CB7F3 /* SSCustomActivity.swift */,
				99D905E81FB9C4B60043DED4 /* SSGoalTextField.swift */,
				997CE6F51FFE238800DE3BEA /* SSNameTextView.swift */,
				991730AF200E308400CE4311 /* SSFeedbackTextView.swift */,
				99B5DAF81FDAA69800ED6155 /* SSUnderlineView.swift */,
				9939ACEB1FC6CF3100F8CA52 /* SSPointsView.swift */,
				99D905E61FB9C49F0043DED4 /* SSDueDateTextField.swift */,
				998FBCF61FBAF8DF0026305A /* SSTimeLinePointView.swift */,
				99C1E4DB1FC42FDB00FE9300 /* SSCurrentDateLabel.swift */,
				9984A1151FC58F0100696EEC /* SSSelectCircleButton.swift */,
				99944CED1FC814D4009AF0E5 /* SSCenterActionButton.swift */,
				99167AC920406FB4008136F4 /* SSActionPlanTopView.swift */,
			);
			path = View;
			sourceTree = "<group>";
		};
		998A71F71FBD96DB00051B97 /* Models */ = {
			isa = PBXGroup;
			children = (
				99450C701FBDE82600667B18 /* CoreDataProperties */,
				99C1E4E81FC4574C00FE9300 /* SSPoint.swift */,
				9970C2FD2059572E00D16078 /* SSLevel.swift */,
				9959AE5E1FBF201600CDBF50 /* Goal+CoreDataClass.swift */,
				9959AE601FBF201600CDBF50 /* Action+CoreDataClass.swift */,
				99F74EB12057CD380067632A /* Lesson+CoreDataClass.swift */,
			);
			path = Models;
			sourceTree = "<group>";
		};
		998A71F81FBD96F000051B97 /* Helpers */ = {
			isa = PBXGroup;
			children = (
				99957F1B1FEAE0FF00F9291E /* Delegates */,
				998C02DE1FE28B1A0065E576 /* Discrete Slider */,
				9970C308205AAE1E00D16078 /* BRCircularProgressView.swift */,
				993E43C92050138400DE31A2 /* FeedbackHepler.swift */,
				99F74EA82056A7260067632A /* CollectionViewControl.swift */,
				9970C301205A908700D16078 /* TableViewControl.swift */,
			);
			path = Helpers;
			sourceTree = "<group>";
		};
		998C02DE1FE28B1A0065E576 /* Discrete Slider */ = {
			isa = PBXGroup;
			children = (
				998988011FE176AC00FEAD60 /* TGPDiscreteSlider.swift */,
				998988031FE177D500FEAD60 /* TGPControlsTicksProtocol.swift */,
			);
			path = "Discrete Slider";
			sourceTree = "<group>";
		};
		99944CE41FC80DCF009AF0E5 /* CreateGoalView */ = {
			isa = PBXGroup;
			children = (
				99944CE21FC80BC9009AF0E5 /* SSCreateGoalView.swift */,
				99944CE01FC808F7009AF0E5 /* SSCreateGoalView.xib */,
			);
			path = CreateGoalView;
			sourceTree = "<group>";
		};
		99944CE61FC80EC1009AF0E5 /* BackgroundCircleView */ = {
			isa = PBXGroup;
			children = (
				99944CE71FC80ED5009AF0E5 /* SSCircleView.swift */,
				99944CE81FC80ED5009AF0E5 /* SSCircleViewCoordinates.swift */,
			);
			path = BackgroundCircleView;
			sourceTree = "<group>";
		};
		99957F1B1FEAE0FF00F9291E /* Delegates */ = {
			isa = PBXGroup;
			children = (
				99957F191FEADEB000F9291E /* SSNotificationDelegate.swift */,
			);
			path = Delegates;
			sourceTree = "<group>";
		};
		999A25631FCD532700F9E148 /* SSActionPlanCell */ = {
			isa = PBXGroup;
			children = (
				999A25661FCD538400F9E148 /* SSActionPlanTableViewCell.swift */,
				999A25671FCD538400F9E148 /* SSActionPlanTableViewCell.xib */,
			);
			path = SSActionPlanCell;
			sourceTree = "<group>";
		};
		99C1E4E11FC4361500FE9300 /* SSHomeCell */ = {
			isa = PBXGroup;
			children = (
				9930C766203EBC8E00F4A517 /* GoalWithImageHomeTableViewCell.swift */,
				9930C767203EBC8E00F4A517 /* GoalWithImageHomeTableViewCell.xib */,
				99C1E4DD1FC4360F00FE9300 /* SSHomeTableViewCell.swift */,
				99C1E4DE1FC4360F00FE9300 /* SSHomeTableViewCell.xib */,
				99C1E4E41FC4486800FE9300 /* SSHomeShortTableViewCell.swift */,
				99C1E4E51FC4486800FE9300 /* SSHomeShortTableViewCell.xib */,
			);
			path = SSHomeCell;
			sourceTree = "<group>";
		};
		99C2BAB42050262D00708C6A /* FeedbackView */ = {
			isa = PBXGroup;
			children = (
				993E43CB205022BB00DE31A2 /* SSFeedbackView.swift */,
				993E43CD205022D000DE31A2 /* SSFeedbackView.xib */,
			);
			path = FeedbackView;
			sourceTree = "<group>";
		};
		99DA3BBB1FB45F2F00E1B878 /* BaseClasses */ = {
			isa = PBXGroup;
			children = (
				998A71EF1FBD839E00051B97 /* SSConstants.swift */,
				999A256A1FCD548500F9E148 /* SSBaseTableViewCell.swift */,
				99DA3BB91FB45EF600E1B878 /* SSBaseViewController.swift */,
				99CA87EF1FBC8890006BE4FE /* SSRightActionButton.swift */,
				99D905E41FB992E90043DED4 /* SSBaseLabel.swift */,
				998A71F11FBD88A900051B97 /* SSBaseTextField.swift */,
				9984A1171FC5A87200696EEC /* SSBaseButton.swift */,
				9984A1191FC5C54500696EEC /* SSMainNavigationController.swift */,
				99944CEB1FC80FDA009AF0E5 /* SSBaseDetailViewController.swift */,
				993842201FD9A0DA0025BE6B /* SSGoalsTableView.swift */,
			);
			path = BaseClasses;
			sourceTree = "<group>";
		};
		99EF118D1FF3CFAA0050F93D /* Last Action Alert */ = {
			isa = PBXGroup;
			children = (
				99EF118E1FF3CFEE0050F93D /* SSLastActionAlertView.swift */,
				99EF11901FF3D01A0050F93D /* SSLastActionAlertView.xib */,
			);
			path = "Last Action Alert";
			sourceTree = "<group>";
		};
		99F74E9A20566D840067632A /* Unlock Lessons */ = {
			isa = PBXGroup;
			children = (
				99F74E9B20566DBE0067632A /* SSUnlockLessonsAlertView.swift */,
				99F74E9D20566DD40067632A /* SSUnlockLessonsAlertView.xib */,
			);
			path = "Unlock Lessons";
			sourceTree = "<group>";
		};
		99F74EA3205697D00067632A /* Lessons Cell */ = {
			isa = PBXGroup;
			children = (
				99F74EA4205697FF0067632A /* SSLessonsCollectionViewCell.swift */,
				99F74EA5205697FF0067632A /* SSLessonsCollectionViewCell.xib */,
			);
			path = "Lessons Cell";
			sourceTree = "<group>";
		};
/* End PBXGroup section */

/* Begin PBXNativeTarget section */
		3A1B71191FB2F4D300674BB4 /* Stakes */ = {
			isa = PBXNativeTarget;
			buildConfigurationList = 3A1B712F1FB2F4D300674BB4 /* Build configuration list for PBXNativeTarget "Stakes" */;
			buildPhases = (
				086638D462589F7AFD8748A6 /* [CP] Check Pods Manifest.lock */,
				3A1B71161FB2F4D300674BB4 /* Sources */,
				3A1B71171FB2F4D300674BB4 /* Frameworks */,
				3A1B71181FB2F4D300674BB4 /* Resources */,
				5AF60D36570AC55A8D38973A /* [CP] Embed Pods Frameworks */,
				B56CC375D69CF098A91023B5 /* [CP] Copy Pods Resources */,
				9959AE661FBF3EA300CDBF50 /* ShellScript */,
			);
			buildRules = (
			);
			dependencies = (
			);
			name = Stakes;
			productName = Stakes;
			productReference = 3A1B711A1FB2F4D300674BB4 /* Stakes.app */;
			productType = "com.apple.product-type.application";
		};
/* End PBXNativeTarget section */

/* Begin PBXProject section */
		3A1B71121FB2F4D300674BB4 /* Project object */ = {
			isa = PBXProject;
			attributes = {
				LastSwiftUpdateCheck = 0910;
				LastUpgradeCheck = 0910;
				ORGANIZATIONNAME = Rubiconware;
				TargetAttributes = {
					3A1B71191FB2F4D300674BB4 = {
						CreatedOnToolsVersion = 9.1;
						ProvisioningStyle = Manual;
						SystemCapabilities = {
							com.apple.Push = {
								enabled = 1;
							};
						};
					};
				};
			};
			buildConfigurationList = 3A1B71151FB2F4D300674BB4 /* Build configuration list for PBXProject "Stakes" */;
			compatibilityVersion = "Xcode 8.0";
			developmentRegion = en;
			hasScannedForEncodings = 0;
			knownRegions = (
				en,
				Base,
				fr,
				ar,
			);
			mainGroup = 3A1B71111FB2F4D300674BB4;
			productRefGroup = 3A1B711B1FB2F4D300674BB4 /* Products */;
			projectDirPath = "";
			projectRoot = "";
			targets = (
				3A1B71191FB2F4D300674BB4 /* Stakes */,
			);
		};
/* End PBXProject section */

/* Begin PBXResourcesBuildPhase section */
		3A1B71181FB2F4D300674BB4 /* Resources */ = {
			isa = PBXResourcesBuildPhase;
			buildActionMask = 2147483647;
			files = (
				991467421FBB02980025098E /* Assets.xcassets in Resources */,
				3A1B712B1FB2F4D300674BB4 /* LaunchScreen.storyboard in Resources */,
				99C1E4E01FC4360F00FE9300 /* SSHomeTableViewCell.xib in Resources */,
				998988091FE1911F00FEAD60 /* SSMainCustomAlertView.xib in Resources */,
				3A96CEE0206BD4F000F1F7CE /* 7.pdf in Resources */,
				3A96CECF206B969100F1F7CE /* 4.pdf in Resources */,
				99F74EA7205697FF0067632A /* SSLessonsCollectionViewCell.xib in Resources */,
				3A96CEDC206BD4F000F1F7CE /* 9.pdf in Resources */,
				3A96CED3206BD4D800F1F7CE /* 2.pdf in Resources */,
				3A96CEDF206BD4F000F1F7CE /* 5.pdf in Resources */,
				9970C307205A90EF00D16078 /* SSLevelsTableViewCell.xib in Resources */,
				3A96CEE1206BD4F000F1F7CE /* 10.pdf in Resources */,
				999A25691FCD538400F9E148 /* SSActionPlanTableViewCell.xib in Resources */,
				993E43CE205022D000DE31A2 /* SSFeedbackView.xib in Resources */,
				99EF11911FF3D01A0050F93D /* SSLastActionAlertView.xib in Resources */,
				3A96CEE3206BD4F000F1F7CE /* 11.pdf in Resources */,
				99944CE11FC808F7009AF0E5 /* SSCreateGoalView.xib in Resources */,
				998FBCF01FBAE9530026305A /* Home.storyboard in Resources */,
				993E43C820500F3D00DE31A2 /* SSFeedbackAlertView.xib in Resources */,
				9986947A1FE13FF10098F6A9 /* SSShareGoalAlertView.xib in Resources */,
				997BC1C31FE035B000FBC6A2 /* SSComlpeteActionAlertView.xib in Resources */,
				3A96CEDD206BD4F000F1F7CE /* 12.pdf in Resources */,
				996675D920062097003CB7F3 /* SSPurchaseAlertView.xib in Resources */,
				3A96CED2206BD4D800F1F7CE /* 3.pdf in Resources */,
				998694771FE12BDB0098F6A9 /* SSActionAlertView.xib in Resources */,
				3A1B71461FB2FA7000674BB4 /* Localizable.strings in Resources */,
				9930C769203EBC8E00F4A517 /* GoalWithImageHomeTableViewCell.xib in Resources */,
				99F74E9E20566DD40067632A /* SSUnlockLessonsAlertView.xib in Resources */,
				3A96CEE2206BD4F000F1F7CE /* 6.pdf in Resources */,
				999687141FD696D300EF52CE /* Big_Caslon-Medium.ttf in Resources */,
				998FBCF31FBAE9730026305A /* Menu.storyboard in Resources */,
				3A96CECD206B950600F1F7CE /* 1.pdf in Resources */,
				3A96CEDE206BD4F000F1F7CE /* 8.pdf in Resources */,
				3A1B71231FB2F4D300674BB4 /* Main.storyboard in Resources */,
				99C1E4E71FC4486800FE9300 /* SSHomeShortTableViewCell.xib in Resources */,
			);
			runOnlyForDeploymentPostprocessing = 0;
		};
/* End PBXResourcesBuildPhase section */

/* Begin PBXShellScriptBuildPhase section */
		086638D462589F7AFD8748A6 /* [CP] Check Pods Manifest.lock */ = {
			isa = PBXShellScriptBuildPhase;
			buildActionMask = 2147483647;
			files = (
			);
			inputPaths = (
				"${PODS_PODFILE_DIR_PATH}/Podfile.lock",
				"${PODS_ROOT}/Manifest.lock",
			);
			name = "[CP] Check Pods Manifest.lock";
			outputPaths = (
				"$(DERIVED_FILE_DIR)/Pods-Stakes-checkManifestLockResult.txt",
			);
			runOnlyForDeploymentPostprocessing = 0;
			shellPath = /bin/sh;
			shellScript = "diff \"${PODS_PODFILE_DIR_PATH}/Podfile.lock\" \"${PODS_ROOT}/Manifest.lock\" > /dev/null\nif [ $? != 0 ] ; then\n    # print error to STDERR\n    echo \"error: The sandbox is not in sync with the Podfile.lock. Run 'pod install' or update your CocoaPods installation.\" >&2\n    exit 1\nfi\n# This output is used by Xcode 'outputs' to avoid re-running this script phase.\necho \"SUCCESS\" > \"${SCRIPT_OUTPUT_FILE_0}\"\n";
			showEnvVarsInLog = 0;
		};
		5AF60D36570AC55A8D38973A /* [CP] Embed Pods Frameworks */ = {
			isa = PBXShellScriptBuildPhase;
			buildActionMask = 2147483647;
			files = (
			);
			inputPaths = (
				"${SRCROOT}/Pods/Target Support Files/Pods-Stakes/Pods-Stakes-frameworks.sh",
				"${BUILT_PRODUCTS_DIR}/Bolts/Bolts.framework",
				"${BUILT_PRODUCTS_DIR}/EFCountingLabel/EFCountingLabel.framework",
				"${BUILT_PRODUCTS_DIR}/FBSDKCoreKit/FBSDKCoreKit.framework",
				"${BUILT_PRODUCTS_DIR}/FBSDKLoginKit/FBSDKLoginKit.framework",
				"${BUILT_PRODUCTS_DIR}/FBSDKShareKit/FBSDKShareKit.framework",
				"${BUILT_PRODUCTS_DIR}/Flurry-iOS-SDK/Flurry_iOS_SDK.framework",
				"${BUILT_PRODUCTS_DIR}/IQKeyboardManagerSwift/IQKeyboardManagerSwift.framework",
				"${BUILT_PRODUCTS_DIR}/SlideMenuControllerSwift/SlideMenuControllerSwift.framework",
			);
			name = "[CP] Embed Pods Frameworks";
			outputPaths = (
				"${TARGET_BUILD_DIR}/${FRAMEWORKS_FOLDER_PATH}/Bolts.framework",
				"${TARGET_BUILD_DIR}/${FRAMEWORKS_FOLDER_PATH}/EFCountingLabel.framework",
				"${TARGET_BUILD_DIR}/${FRAMEWORKS_FOLDER_PATH}/FBSDKCoreKit.framework",
				"${TARGET_BUILD_DIR}/${FRAMEWORKS_FOLDER_PATH}/FBSDKLoginKit.framework",
				"${TARGET_BUILD_DIR}/${FRAMEWORKS_FOLDER_PATH}/FBSDKShareKit.framework",
				"${TARGET_BUILD_DIR}/${FRAMEWORKS_FOLDER_PATH}/Flurry_iOS_SDK.framework",
				"${TARGET_BUILD_DIR}/${FRAMEWORKS_FOLDER_PATH}/IQKeyboardManagerSwift.framework",
				"${TARGET_BUILD_DIR}/${FRAMEWORKS_FOLDER_PATH}/SlideMenuControllerSwift.framework",
			);
			runOnlyForDeploymentPostprocessing = 0;
			shellPath = /bin/sh;
			shellScript = "\"${SRCROOT}/Pods/Target Support Files/Pods-Stakes/Pods-Stakes-frameworks.sh\"\n";
			showEnvVarsInLog = 0;
		};
		9959AE661FBF3EA300CDBF50 /* ShellScript */ = {
			isa = PBXShellScriptBuildPhase;
			buildActionMask = 2147483647;
			files = (
			);
			inputPaths = (
			);
			outputPaths = (
			);
			runOnlyForDeploymentPostprocessing = 0;
			shellPath = /bin/sh;
			shellScript = "\"${PODS_ROOT}/Fabric/run\" 7e52a00ea1aa6e2ca98d6c710f38914311cfa8ba 45c2387aedd4b0679751339c03bf5673f72109c014b7e0c03b70feebc7256cc9";
		};
		B56CC375D69CF098A91023B5 /* [CP] Copy Pods Resources */ = {
			isa = PBXShellScriptBuildPhase;
			buildActionMask = 2147483647;
			files = (
			);
			inputPaths = (
			);
			name = "[CP] Copy Pods Resources";
			outputPaths = (
			);
			runOnlyForDeploymentPostprocessing = 0;
			shellPath = /bin/sh;
			shellScript = "\"${SRCROOT}/Pods/Target Support Files/Pods-Stakes/Pods-Stakes-resources.sh\"\n";
			showEnvVarsInLog = 0;
		};
/* End PBXShellScriptBuildPhase section */

/* Begin PBXSourcesBuildPhase section */
		3A1B71161FB2F4D300674BB4 /* Sources */ = {
			isa = PBXSourcesBuildPhase;
			buildActionMask = 2147483647;
			files = (
				99944CE31FC80BC9009AF0E5 /* SSCreateGoalView.swift in Sources */,
				3A1B711E1FB2F4D300674BB4 /* AppDelegate.swift in Sources */,
				99D905E91FB9C4B60043DED4 /* SSGoalTextField.swift in Sources */,
				99DA3BB41FB4580100E1B878 /* SSSecondOnboardingViewController.swift in Sources */,
				99944CEA1FC80ED5009AF0E5 /* SSCircleViewCoordinates.swift in Sources */,
				3A1B71611FB3145C00674BB4 /* SSIntroductionPageViewController.swift in Sources */,
				99841DBE1FB5D28A009FEA75 /* SSCreateActionViewController.swift in Sources */,
				99167ACA20406FB4008136F4 /* SSActionPlanTopView.swift in Sources */,
				994AABF4204405CE00DFFE6D /* Goal+CoreDataProperties.swift in Sources */,
				991730B0200E308400CE4311 /* SSFeedbackTextView.swift in Sources */,
				3A1B715E1FB2FC8800674BB4 /* UIView+Stakes.swift in Sources */,
				992FFBBF203D879A0070AD55 /* SSPoint.swift in Sources */,
				9970C3002059614200D16078 /* SSLevelsManager.swift in Sources */,
				993E43CA2050138400DE31A2 /* FeedbackHepler.swift in Sources */,
				99DA3BBA1FB45EF600E1B878 /* SSBaseViewController.swift in Sources */,
				99B5DAF91FDAA69800ED6155 /* SSUnderlineView.swift in Sources */,
				996675DF20064DCC003CB7F3 /* SSCustomActivity.swift in Sources */,
				9939ACEC1FC6CF3100F8CA52 /* SSPointsView.swift in Sources */,
				99841DC51FB5D3EA009FEA75 /* SSSettingsViewController.swift in Sources */,
				9959AE621FBF201600CDBF50 /* Goal+CoreDataClass.swift in Sources */,
				99841DB71FB5D1AA009FEA75 /* SSHomeViewController.swift in Sources */,
				9986947C1FE140030098F6A9 /* SSShareGoalAlertView.swift in Sources */,
				99C1E4DF1FC4360F00FE9300 /* SSHomeTableViewCell.swift in Sources */,
				99944CEE1FC814D4009AF0E5 /* SSCenterActionButton.swift in Sources */,
				998FBCF71FBAF8DF0026305A /* SSTimeLinePointView.swift in Sources */,
				99DA3BB61FB4582500E1B878 /* SSThirdOnboardingViewController.swift in Sources */,
				99CA87F01FBC8890006BE4FE /* SSRightActionButton.swift in Sources */,
				99F74EA2205693800067632A /* SSLevelsOfMasteryViewController.swift in Sources */,
				998694751FE12BD30098F6A9 /* SSActionAlertView.swift in Sources */,
				99BCC9051FE3E0300087D87B /* SSCalendarSyncManager.swift in Sources */,
				99944CDF1FC80628009AF0E5 /* SSCreateGoalViewController.swift in Sources */,
				99841DBA1FB5D207009FEA75 /* SSActionPlanViewController.swift in Sources */,
				99F74EB42057CD380067632A /* Lesson+CoreDataProperties.swift in Sources */,
				9930C768203EBC8E00F4A517 /* GoalWithImageHomeTableViewCell.swift in Sources */,
				9984A11A1FC5C54500696EEC /* SSMainNavigationController.swift in Sources */,
				99841DCB1FB5E72E009FEA75 /* UIViewController + Reuse ID.swift in Sources */,
				9984A1181FC5A87200696EEC /* SSBaseButton.swift in Sources */,
				99841DC71FB5D421009FEA75 /* SSFeedbackViewController.swift in Sources */,
				9970C306205A90EF00D16078 /* SSLevelsTableViewCell.swift in Sources */,
				3A1B71591FB2FC0200674BB4 /* SSLocalizationManager.swift in Sources */,
				996675D420061E2B003CB7F3 /* Action+CoreDataProperties.swift in Sources */,
				99D99D111FE7D59000C19D67 /* SSNotificationsManager.swift in Sources */,
				99F74EA6205697FF0067632A /* SSLessonsCollectionViewCell.swift in Sources */,
				99944CE91FC80ED5009AF0E5 /* SSCircleView.swift in Sources */,
				99C1E4EB1FC461B000FE9300 /* Date+Formatter.swift in Sources */,
				998988021FE176AC00FEAD60 /* TGPDiscreteSlider.swift in Sources */,
				3A1B71411FB2F82200674BB4 /* UIStoryboard+Stakes.swift in Sources */,
				9970C302205A908700D16078 /* TableViewControl.swift in Sources */,
				997BC1B91FE004FB00FBC6A2 /* SSCustomAlertViewController.swift in Sources */,
				999A25681FCD538400F9E148 /* SSActionPlanTableViewCell.swift in Sources */,
				998988041FE177D500FEAD60 /* TGPControlsTicksProtocol.swift in Sources */,
				998A71F01FBD839E00051B97 /* SSConstants.swift in Sources */,
				99C1E4DC1FC42FDB00FE9300 /* SSCurrentDateLabel.swift in Sources */,
				99944CEC1FC80FDA009AF0E5 /* SSBaseDetailViewController.swift in Sources */,
				99F74EA0205693300067632A /* SSLessonsViewController.swift in Sources */,
				996675DB200631ED003CB7F3 /* SSPurchaseManager.swift in Sources */,
				998A71F21FBD88A900051B97 /* SSBaseTextField.swift in Sources */,
				99D905E51FB992E90043DED4 /* SSBaseLabel.swift in Sources */,
				99F74EB32057CD380067632A /* Lesson+CoreDataClass.swift in Sources */,
				9970C2FE2059572E00D16078 /* SSLevel.swift in Sources */,
				9970C309205AAE1E00D16078 /* BRCircularProgressView.swift in Sources */,
				99841DC11FB5D355009FEA75 /* SSMenuViewController.swift in Sources */,
				997BC1C11FE035A300FBC6A2 /* SSComlpeteActionAlertView.swift in Sources */,
				999A256F1FCD6EEB00F9E148 /* Float+StakeString.swift in Sources */,
				99D905E71FB9C49F0043DED4 /* SSDueDateTextField.swift in Sources */,
				998694721FE125F90098F6A9 /* SSBaseCustomAlertView.swift in Sources */,
				99F74EAB2056BC2B0067632A /* SSDetailLessonsViewController.swift in Sources */,
				993E43CC205022BB00DE31A2 /* SSFeedbackView.swift in Sources */,
				993842211FD9A0DA0025BE6B /* SSGoalsTableView.swift in Sources */,
				9984A1161FC58F0100696EEC /* SSSelectCircleButton.swift in Sources */,
				99C1E4E31FC43EC100FE9300 /* TableViewCell+ReuseID.swift in Sources */,
				998988071FE190E700FEAD60 /* SSMainCustomAlertView.swift in Sources */,
				996675E320077107003CB7F3 /* SSInstagramShareManager.swift in Sources */,
				99EF118F1FF3CFEE0050F93D /* SSLastActionAlertView.swift in Sources */,
				3A96A566206131EB00DA071D /* SSSixthOnboardingViewController.swift in Sources */,
				99F74EAF2056CB4B0067632A /* SSLessonsManager.swift in Sources */,
				99F74EA92056A7260067632A /* CollectionViewControl.swift in Sources */,
				3A1B715A1FB2FC0200674BB4 /* SSMessageManager.swift in Sources */,
				99F43B2E2010A2F8000C0B68 /* SSAnalyticsManager.swift in Sources */,
				999A256B1FCD548500F9E148 /* SSBaseTableViewCell.swift in Sources */,
				99DA3BB81FB4583E00E1B878 /* SSFourthOnboardingViewController.swift in Sources */,
				99C1E4E61FC4486800FE9300 /* SSHomeShortTableViewCell.swift in Sources */,
				99FEBA2A1FC30A0400B87B12 /* UIColor+FromRGB.swift in Sources */,
				9959AE641FBF201600CDBF50 /* Action+CoreDataClass.swift in Sources */,
				99DA3BB21FB457CB00E1B878 /* SSFirstOnboardingViewController.swift in Sources */,
				997CE6F61FFE238800DE3BEA /* SSNameTextView.swift in Sources */,
				3A96A564206124D500DA071D /* SSFifthOnboardingViewController.swift in Sources */,
				996675D72006208A003CB7F3 /* SSPurchaseAlertView.swift in Sources */,
				998A71FA1FBDC13B00051B97 /* SSCoreDataManager.swift in Sources */,
				99957F1A1FEADEB000F9291E /* SSNotificationDelegate.swift in Sources */,
				3A1B71261FB2F4D300674BB4 /* Stakes.xcdatamodeld in Sources */,
				993E43C620500E8300DE31A2 /* SSFeedbackAlertView.swift in Sources */,
				99F74E9C20566DBE0067632A /* SSUnlockLessonsAlertView.swift in Sources */,
			);
			runOnlyForDeploymentPostprocessing = 0;
		};
/* End PBXSourcesBuildPhase section */

/* Begin PBXVariantGroup section */
		3A1B71211FB2F4D300674BB4 /* Main.storyboard */ = {
			isa = PBXVariantGroup;
			children = (
				3A1B714F1FB2FB6300674BB4 /* en */,
			);
			name = Main.storyboard;
			sourceTree = "<group>";
		};
		3A1B71291FB2F4D300674BB4 /* LaunchScreen.storyboard */ = {
			isa = PBXVariantGroup;
			children = (
				3A1B71531FB2FB6E00674BB4 /* en */,
			);
			name = LaunchScreen.storyboard;
			sourceTree = "<group>";
		};
		3A1B71481FB2FA7000674BB4 /* Localizable.strings */ = {
			isa = PBXVariantGroup;
			children = (
				3A1B714A1FB2FAB500674BB4 /* en */,
				3A1B714D1FB2FB5500674BB4 /* fr */,
				3A1B715F1FB2FD5100674BB4 /* ar */,
			);
			name = Localizable.strings;
			sourceTree = "<group>";
		};
		998FBCF21FBAE9530026305A /* Home.storyboard */ = {
			isa = PBXVariantGroup;
			children = (
				998FBCF11FBAE9530026305A /* en */,
			);
			name = Home.storyboard;
			sourceTree = "<group>";
		};
		998FBCF51FBAE9730026305A /* Menu.storyboard */ = {
			isa = PBXVariantGroup;
			children = (
				998FBCF41FBAE9730026305A /* en */,
			);
			name = Menu.storyboard;
			sourceTree = "<group>";
		};
/* End PBXVariantGroup section */

/* Begin XCBuildConfiguration section */
		3A1B712D1FB2F4D300674BB4 /* Debug */ = {
			isa = XCBuildConfiguration;
			buildSettings = {
				ALWAYS_SEARCH_USER_PATHS = NO;
				CLANG_ANALYZER_LOCALIZABILITY_NONLOCALIZED = YES;
				CLANG_ANALYZER_NONNULL = YES;
				CLANG_ANALYZER_NUMBER_OBJECT_CONVERSION = YES_AGGRESSIVE;
				CLANG_CXX_LANGUAGE_STANDARD = "gnu++14";
				CLANG_CXX_LIBRARY = "libc++";
				CLANG_ENABLE_MODULES = YES;
				CLANG_ENABLE_OBJC_ARC = YES;
				CLANG_WARN_BLOCK_CAPTURE_AUTORELEASING = YES;
				CLANG_WARN_BOOL_CONVERSION = YES;
				CLANG_WARN_COMMA = YES;
				CLANG_WARN_CONSTANT_CONVERSION = YES;
				CLANG_WARN_DIRECT_OBJC_ISA_USAGE = YES_ERROR;
				CLANG_WARN_DOCUMENTATION_COMMENTS = YES;
				CLANG_WARN_EMPTY_BODY = YES;
				CLANG_WARN_ENUM_CONVERSION = YES;
				CLANG_WARN_INFINITE_RECURSION = YES;
				CLANG_WARN_INT_CONVERSION = YES;
				CLANG_WARN_NON_LITERAL_NULL_CONVERSION = YES;
				CLANG_WARN_OBJC_LITERAL_CONVERSION = YES;
				CLANG_WARN_OBJC_ROOT_CLASS = YES_ERROR;
				CLANG_WARN_RANGE_LOOP_ANALYSIS = YES;
				CLANG_WARN_STRICT_PROTOTYPES = YES;
				CLANG_WARN_SUSPICIOUS_MOVE = YES;
				CLANG_WARN_UNGUARDED_AVAILABILITY = YES_AGGRESSIVE;
				CLANG_WARN_UNREACHABLE_CODE = YES;
				CLANG_WARN__DUPLICATE_METHOD_MATCH = YES;
				CODE_SIGN_IDENTITY = "iPhone Developer";
				COPY_PHASE_STRIP = NO;
				DEBUG_INFORMATION_FORMAT = dwarf;
				ENABLE_STRICT_OBJC_MSGSEND = YES;
				ENABLE_TESTABILITY = YES;
				GCC_C_LANGUAGE_STANDARD = gnu11;
				GCC_DYNAMIC_NO_PIC = NO;
				GCC_NO_COMMON_BLOCKS = YES;
				GCC_OPTIMIZATION_LEVEL = 0;
				GCC_PREPROCESSOR_DEFINITIONS = (
					"DEBUG=1",
					"$(inherited)",
				);
				GCC_WARN_64_TO_32_BIT_CONVERSION = YES;
				GCC_WARN_ABOUT_RETURN_TYPE = YES_ERROR;
				GCC_WARN_UNDECLARED_SELECTOR = YES;
				GCC_WARN_UNINITIALIZED_AUTOS = YES_AGGRESSIVE;
				GCC_WARN_UNUSED_FUNCTION = YES;
				GCC_WARN_UNUSED_VARIABLE = YES;
				IPHONEOS_DEPLOYMENT_TARGET = 11.1;
				MTL_ENABLE_DEBUG_INFO = YES;
				ONLY_ACTIVE_ARCH = YES;
				SDKROOT = iphoneos;
				SWIFT_ACTIVE_COMPILATION_CONDITIONS = DEBUG;
				SWIFT_OPTIMIZATION_LEVEL = "-Onone";
			};
			name = Debug;
		};
		3A1B712E1FB2F4D300674BB4 /* Release */ = {
			isa = XCBuildConfiguration;
			buildSettings = {
				ALWAYS_SEARCH_USER_PATHS = NO;
				CLANG_ANALYZER_LOCALIZABILITY_NONLOCALIZED = YES;
				CLANG_ANALYZER_NONNULL = YES;
				CLANG_ANALYZER_NUMBER_OBJECT_CONVERSION = YES_AGGRESSIVE;
				CLANG_CXX_LANGUAGE_STANDARD = "gnu++14";
				CLANG_CXX_LIBRARY = "libc++";
				CLANG_ENABLE_MODULES = YES;
				CLANG_ENABLE_OBJC_ARC = YES;
				CLANG_WARN_BLOCK_CAPTURE_AUTORELEASING = YES;
				CLANG_WARN_BOOL_CONVERSION = YES;
				CLANG_WARN_COMMA = YES;
				CLANG_WARN_CONSTANT_CONVERSION = YES;
				CLANG_WARN_DIRECT_OBJC_ISA_USAGE = YES_ERROR;
				CLANG_WARN_DOCUMENTATION_COMMENTS = YES;
				CLANG_WARN_EMPTY_BODY = YES;
				CLANG_WARN_ENUM_CONVERSION = YES;
				CLANG_WARN_INFINITE_RECURSION = YES;
				CLANG_WARN_INT_CONVERSION = YES;
				CLANG_WARN_NON_LITERAL_NULL_CONVERSION = YES;
				CLANG_WARN_OBJC_LITERAL_CONVERSION = YES;
				CLANG_WARN_OBJC_ROOT_CLASS = YES_ERROR;
				CLANG_WARN_RANGE_LOOP_ANALYSIS = YES;
				CLANG_WARN_STRICT_PROTOTYPES = YES;
				CLANG_WARN_SUSPICIOUS_MOVE = YES;
				CLANG_WARN_UNGUARDED_AVAILABILITY = YES_AGGRESSIVE;
				CLANG_WARN_UNREACHABLE_CODE = YES;
				CLANG_WARN__DUPLICATE_METHOD_MATCH = YES;
				CODE_SIGN_IDENTITY = "iPhone Developer";
				COPY_PHASE_STRIP = NO;
				DEBUG_INFORMATION_FORMAT = "dwarf-with-dsym";
				ENABLE_NS_ASSERTIONS = NO;
				ENABLE_STRICT_OBJC_MSGSEND = YES;
				GCC_C_LANGUAGE_STANDARD = gnu11;
				GCC_NO_COMMON_BLOCKS = YES;
				GCC_WARN_64_TO_32_BIT_CONVERSION = YES;
				GCC_WARN_ABOUT_RETURN_TYPE = YES_ERROR;
				GCC_WARN_UNDECLARED_SELECTOR = YES;
				GCC_WARN_UNINITIALIZED_AUTOS = YES_AGGRESSIVE;
				GCC_WARN_UNUSED_FUNCTION = YES;
				GCC_WARN_UNUSED_VARIABLE = YES;
				IPHONEOS_DEPLOYMENT_TARGET = 11.1;
				MTL_ENABLE_DEBUG_INFO = NO;
				SDKROOT = iphoneos;
				SWIFT_OPTIMIZATION_LEVEL = "-Owholemodule";
				VALIDATE_PRODUCT = YES;
			};
			name = Release;
		};
		3A1B71301FB2F4D300674BB4 /* Debug */ = {
			isa = XCBuildConfiguration;
			baseConfigurationReference = B47F8FDB52E0F3F13888685F /* Pods-Stakes.debug.xcconfig */;
			buildSettings = {
				ASSETCATALOG_COMPILER_APPICON_NAME = AppIcon;
				CODE_SIGN_ENTITLEMENTS = Stakes/Stakes.entitlements;
				CODE_SIGN_IDENTITY = "iPhone Distribution";
				"CODE_SIGN_IDENTITY[sdk=iphoneos*]" = "iPhone Distribution";
				CODE_SIGN_STYLE = Manual;
				DEVELOPMENT_TEAM = 37HBR3VGFU;
				INFOPLIST_FILE = Stakes/Info.plist;
				IPHONEOS_DEPLOYMENT_TARGET = 9.0;
				LD_RUNPATH_SEARCH_PATHS = "$(inherited) @executable_path/Frameworks";
				PRODUCT_BUNDLE_IDENTIFIER = com.nikonorov.bold;
				PRODUCT_NAME = "$(TARGET_NAME)";
				PROVISIONING_PROFILE = "fe63699d-cbe2-4737-8b98-85812e05169b";
				PROVISIONING_PROFILE_SPECIFIER = "iOS Distribution. Bold";
				SWIFT_VERSION = 4.0;
				TARGETED_DEVICE_FAMILY = 1;
			};
			name = Debug;
		};
		3A1B71311FB2F4D300674BB4 /* Release */ = {
			isa = XCBuildConfiguration;
			baseConfigurationReference = 0F58EB76A0B948569B28B562 /* Pods-Stakes.release.xcconfig */;
			buildSettings = {
				ASSETCATALOG_COMPILER_APPICON_NAME = AppIcon;
				CODE_SIGN_ENTITLEMENTS = Stakes/Stakes.entitlements;
				CODE_SIGN_IDENTITY = "iPhone Distribution";
				"CODE_SIGN_IDENTITY[sdk=iphoneos*]" = "iPhone Distribution";
				CODE_SIGN_STYLE = Manual;
				DEVELOPMENT_TEAM = 37HBR3VGFU;
				INFOPLIST_FILE = Stakes/Info.plist;
				IPHONEOS_DEPLOYMENT_TARGET = 9.0;
				LD_RUNPATH_SEARCH_PATHS = "$(inherited) @executable_path/Frameworks";
				PRODUCT_BUNDLE_IDENTIFIER = com.nikonorov.bold;
				PRODUCT_NAME = "$(TARGET_NAME)";
				PROVISIONING_PROFILE = "80de8977-0cc9-4483-9332-b8b19a607190";
				PROVISIONING_PROFILE_SPECIFIER = "iOS Distribution. Bold";
				SWIFT_VERSION = 4.0;
				TARGETED_DEVICE_FAMILY = 1;
			};
			name = Release;
		};
/* End XCBuildConfiguration section */

/* Begin XCConfigurationList section */
		3A1B71151FB2F4D300674BB4 /* Build configuration list for PBXProject "Stakes" */ = {
			isa = XCConfigurationList;
			buildConfigurations = (
				3A1B712D1FB2F4D300674BB4 /* Debug */,
				3A1B712E1FB2F4D300674BB4 /* Release */,
			);
			defaultConfigurationIsVisible = 0;
			defaultConfigurationName = Release;
		};
		3A1B712F1FB2F4D300674BB4 /* Build configuration list for PBXNativeTarget "Stakes" */ = {
			isa = XCConfigurationList;
			buildConfigurations = (
				3A1B71301FB2F4D300674BB4 /* Debug */,
				3A1B71311FB2F4D300674BB4 /* Release */,
			);
			defaultConfigurationIsVisible = 0;
			defaultConfigurationName = Release;
		};
/* End XCConfigurationList section */

/* Begin XCVersionGroup section */
		3A1B71241FB2F4D300674BB4 /* Stakes.xcdatamodeld */ = {
			isa = XCVersionGroup;
			children = (
				994AABF0204404BB00DFFE6D /* Stakes_v2.1.xcdatamodel */,
				3A1B71251FB2F4D300674BB4 /* Stakes.xcdatamodel */,
			);
			currentVersion = 994AABF0204404BB00DFFE6D /* Stakes_v2.1.xcdatamodel */;
			path = Stakes.xcdatamodeld;
			sourceTree = "<group>";
			versionGroupType = wrapper.xcdatamodel;
		};
/* End XCVersionGroup section */
	};
	rootObject = 3A1B71121FB2F4D300674BB4 /* Project object */;
}
